// !$*UTF8*$!
{
	archiveVersion = 1;
	classes = {
	};
	objectVersion = 46;
	objects = {

/* Begin PBXBuildFile section */
		9A38C56B1BD532D700BEA9BD /* CounterView.swift in Sources */ = {isa = PBXBuildFile; fileRef = 9A38C56A1BD532D700BEA9BD /* CounterView.swift */; settings = {ASSET_TAGS = (); }; };
		9A43125F1BD5EFDF001D905B /* GraphView.swift in Sources */ = {isa = PBXBuildFile; fileRef = 9A43125E1BD5EFDF001D905B /* GraphView.swift */; settings = {ASSET_TAGS = (); }; };
		9A43F5D31BD4B582009F5F5F /* AppDelegate.swift in Sources */ = {isa = PBXBuildFile; fileRef = 9A43F5D21BD4B582009F5F5F /* AppDelegate.swift */; };
		9A43F5D51BD4B582009F5F5F /* ViewController.swift in Sources */ = {isa = PBXBuildFile; fileRef = 9A43F5D41BD4B582009F5F5F /* ViewController.swift */; };
		9A43F5D81BD4B582009F5F5F /* Main.storyboard in Resources */ = {isa = PBXBuildFile; fileRef = 9A43F5D61BD4B582009F5F5F /* Main.storyboard */; };
		9A43F5DA1BD4B582009F5F5F /* Assets.xcassets in Resources */ = {isa = PBXBuildFile; fileRef = 9A43F5D91BD4B582009F5F5F /* Assets.xcassets */; };
		9A43F5DD1BD4B582009F5F5F /* LaunchScreen.storyboard in Resources */ = {isa = PBXBuildFile; fileRef = 9A43F5DB1BD4B582009F5F5F /* LaunchScreen.storyboard */; };
		9A43F5E81BD4B582009F5F5F /* FloTests.swift in Sources */ = {isa = PBXBuildFile; fileRef = 9A43F5E71BD4B582009F5F5F /* FloTests.swift */; };
		9A43F5F31BD4B582009F5F5F /* FloUITests.swift in Sources */ = {isa = PBXBuildFile; fileRef = 9A43F5F21BD4B582009F5F5F /* FloUITests.swift */; };
		9A43F6011BD4B600009F5F5F /* PushButtonView.swift in Sources */ = {isa = PBXBuildFile; fileRef = 9A43F6001BD4B600009F5F5F /* PushButtonView.swift */; settings = {ASSET_TAGS = (); }; };
/* End PBXBuildFile section */

/* Begin PBXContainerItemProxy section */
		9A43F5E41BD4B582009F5F5F /* PBXContainerItemProxy */ = {
			isa = PBXContainerItemProxy;
			containerPortal = 9A43F5C71BD4B582009F5F5F /* Project object */;
			proxyType = 1;
			remoteGlobalIDString = 9A43F5CE1BD4B582009F5F5F;
			remoteInfo = Flo;
		};
		9A43F5EF1BD4B582009F5F5F /* PBXContainerItemProxy */ = {
			isa = PBXContainerItemProxy;
			containerPortal = 9A43F5C71BD4B582009F5F5F /* Project object */;
			proxyType = 1;
			remoteGlobalIDString = 9A43F5CE1BD4B582009F5F5F;
			remoteInfo = Flo;
		};
/* End PBXContainerItemProxy section */

/* Begin PBXFileReference section */
		9A38C56A1BD532D700BEA9BD /* CounterView.swift */ = {isa = PBXFileReference; fileEncoding = 4; lastKnownFileType = sourcecode.swift; path = CounterView.swift; sourceTree = "<group>"; };
		9A43125E1BD5EFDF001D905B /* GraphView.swift */ = {isa = PBXFileReference; fileEncoding = 4; lastKnownFileType = sourcecode.swift; path = GraphView.swift; sourceTree = "<group>"; };
		9A43F5CF1BD4B582009F5F5F /* Flo.app */ = {isa = PBXFileReference; explicitFileType = wrapper.application; includeInIndex = 0; path = Flo.app; sourceTree = BUILT_PRODUCTS_DIR; };
		9A43F5D21BD4B582009F5F5F /* AppDelegate.swift */ = {isa = PBXFileReference; lastKnownFileType = sourcecode.swift; path = AppDelegate.swift; sourceTree = "<group>"; };
		9A43F5D41BD4B582009F5F5F /* ViewController.swift */ = {isa = PBXFileReference; lastKnownFileType = sourcecode.swift; path = ViewController.swift; sourceTree = "<group>"; };
		9A43F5D71BD4B582009F5F5F /* Base */ = {isa = PBXFileReference; lastKnownFileType = file.storyboard; name = Base; path = Base.lproj/Main.storyboard; sourceTree = "<group>"; };
		9A43F5D91BD4B582009F5F5F /* Assets.xcassets */ = {isa = PBXFileReference; lastKnownFileType = folder.assetcatalog; path = Assets.xcassets; sourceTree = "<group>"; };
		9A43F5DC1BD4B582009F5F5F /* Base */ = {isa = PBXFileReference; lastKnownFileType = file.storyboard; name = Base; path = Base.lproj/LaunchScreen.storyboard; sourceTree = "<group>"; };
		9A43F5DE1BD4B582009F5F5F /* Info.plist */ = {isa = PBXFileReference; lastKnownFileType = text.plist.xml; path = Info.plist; sourceTree = "<group>"; };
		9A43F5E31BD4B582009F5F5F /* FloTests.xctest */ = {isa = PBXFileReference; explicitFileType = wrapper.cfbundle; includeInIndex = 0; path = FloTests.xctest; sourceTree = BUILT_PRODUCTS_DIR; };
		9A43F5E71BD4B582009F5F5F /* FloTests.swift */ = {isa = PBXFileReference; lastKnownFileType = sourcecode.swift; path = FloTests.swift; sourceTree = "<group>"; };
		9A43F5E91BD4B582009F5F5F /* Info.plist */ = {isa = PBXFileReference; lastKnownFileType = text.plist.xml; path = Info.plist; sourceTree = "<group>"; };
		9A43F5EE1BD4B582009F5F5F /* FloUITests.xctest */ = {isa = PBXFileReference; explicitFileType = wrapper.cfbundle; includeInIndex = 0; path = FloUITests.xctest; sourceTree = BUILT_PRODUCTS_DIR; };
		9A43F5F21BD4B582009F5F5F /* FloUITests.swift */ = {isa = PBXFileReference; lastKnownFileType = sourcecode.swift; path = FloUITests.swift; sourceTree = "<group>"; };
		9A43F5F41BD4B582009F5F5F /* Info.plist */ = {isa = PBXFileReference; lastKnownFileType = text.plist.xml; path = Info.plist; sourceTree = "<group>"; };
		9A43F6001BD4B600009F5F5F /* PushButtonView.swift */ = {isa = PBXFileReference; fileEncoding = 4; lastKnownFileType = sourcecode.swift; path = PushButtonView.swift; sourceTree = "<group>"; };
/* End PBXFileReference section */

/* Begin PBXFrameworksBuildPhase section */
		9A43F5CC1BD4B582009F5F5F /* Frameworks */ = {
			isa = PBXFrameworksBuildPhase;
			buildActionMask = 2147483647;
			files = (
			);
			runOnlyForDeploymentPostprocessing = 0;
		};
		9A43F5E01BD4B582009F5F5F /* Frameworks */ = {
			isa = PBXFrameworksBuildPhase;
			buildActionMask = 2147483647;
			files = (
			);
			runOnlyForDeploymentPostprocessing = 0;
		};
		9A43F5EB1BD4B582009F5F5F /* Frameworks */ = {
			isa = PBXFrameworksBuildPhase;
			buildActionMask = 2147483647;
			files = (
			);
			runOnlyForDeploymentPostprocessing = 0;
		};
/* End PBXFrameworksBuildPhase section */

/* Begin PBXGroup section */
		9A43F5C61BD4B582009F5F5F = {
			isa = PBXGroup;
			children = (
				9A43F5D11BD4B582009F5F5F /* Flo */,
				9A43F5E61BD4B582009F5F5F /* FloTests */,
				9A43F5F11BD4B582009F5F5F /* FloUITests */,
				9A43F5D01BD4B582009F5F5F /* Products */,
			);
			sourceTree = "<group>";
		};
		9A43F5D01BD4B582009F5F5F /* Products */ = {
			isa = PBXGroup;
			children = (
				9A43F5CF1BD4B582009F5F5F /* Flo.app */,
				9A43F5E31BD4B582009F5F5F /* FloTests.xctest */,
				9A43F5EE1BD4B582009F5F5F /* FloUITests.xctest */,
			);
			name = Products;
			sourceTree = "<group>";
		};
		9A43F5D11BD4B582009F5F5F /* Flo */ = {
			isa = PBXGroup;
			children = (
				9A43F5D21BD4B582009F5F5F /* AppDelegate.swift */,
				9A43F5D41BD4B582009F5F5F /* ViewController.swift */,
				9A43F6001BD4B600009F5F5F /* PushButtonView.swift */,
				9A38C56A1BD532D700BEA9BD /* CounterView.swift */,
				9A43125E1BD5EFDF001D905B /* GraphView.swift */,
				9A43F5D61BD4B582009F5F5F /* Main.storyboard */,
				9A43F5D91BD4B582009F5F5F /* Assets.xcassets */,
				9A43F5DB1BD4B582009F5F5F /* LaunchScreen.storyboard */,
				9A43F5DE1BD4B582009F5F5F /* Info.plist */,
			);
			path = Flo;
			sourceTree = "<group>";
		};
		9A43F5E61BD4B582009F5F5F /* FloTests */ = {
			isa = PBXGroup;
			children = (
				9A43F5E71BD4B582009F5F5F /* FloTests.swift */,
				9A43F5E91BD4B582009F5F5F /* Info.plist */,
			);
			path = FloTests;
			sourceTree = "<group>";
		};
		9A43F5F11BD4B582009F5F5F /* FloUITests */ = {
			isa = PBXGroup;
			children = (
				9A43F5F21BD4B582009F5F5F /* FloUITests.swift */,
				9A43F5F41BD4B582009F5F5F /* Info.plist */,
			);
			path = FloUITests;
			sourceTree = "<group>";
		};
/* End PBXGroup section */

/* Begin PBXNativeTarget section */
		9A43F5CE1BD4B582009F5F5F /* Flo */ = {
			isa = PBXNativeTarget;
			buildConfigurationList = 9A43F5F71BD4B582009F5F5F /* Build configuration list for PBXNativeTarget "Flo" */;
			buildPhases = (
				9A43F5CB1BD4B582009F5F5F /* Sources */,
				9A43F5CC1BD4B582009F5F5F /* Frameworks */,
				9A43F5CD1BD4B582009F5F5F /* Resources */,
			);
			buildRules = (
			);
			dependencies = (
			);
			name = Flo;
			productName = Flo;
			productReference = 9A43F5CF1BD4B582009F5F5F /* Flo.app */;
			productType = "com.apple.product-type.application";
		};
		9A43F5E21BD4B582009F5F5F /* FloTests */ = {
			isa = PBXNativeTarget;
			buildConfigurationList = 9A43F5FA1BD4B582009F5F5F /* Build configuration list for PBXNativeTarget "FloTests" */;
			buildPhases = (
				9A43F5DF1BD4B582009F5F5F /* Sources */,
				9A43F5E01BD4B582009F5F5F /* Frameworks */,
				9A43F5E11BD4B582009F5F5F /* Resources */,
			);
			buildRules = (
			);
			dependencies = (
				9A43F5E51BD4B582009F5F5F /* PBXTargetDependency */,
			);
			name = FloTests;
			productName = FloTests;
			productReference = 9A43F5E31BD4B582009F5F5F /* FloTests.xctest */;
			productType = "com.apple.product-type.bundle.unit-test";
		};
		9A43F5ED1BD4B582009F5F5F /* FloUITests */ = {
			isa = PBXNativeTarget;
			buildConfigurationList = 9A43F5FD1BD4B582009F5F5F /* Build configuration list for PBXNativeTarget "FloUITests" */;
			buildPhases = (
				9A43F5EA1BD4B582009F5F5F /* Sources */,
				9A43F5EB1BD4B582009F5F5F /* Frameworks */,
				9A43F5EC1BD4B582009F5F5F /* Resources */,
			);
			buildRules = (
			);
			dependencies = (
				9A43F5F01BD4B582009F5F5F /* PBXTargetDependency */,
			);
			name = FloUITests;
			productName = FloUITests;
			productReference = 9A43F5EE1BD4B582009F5F5F /* FloUITests.xctest */;
			productType = "com.apple.product-type.bundle.ui-testing";
		};
/* End PBXNativeTarget section */

/* Begin PBXProject section */
		9A43F5C71BD4B582009F5F5F /* Project object */ = {
			isa = PBXProject;
			attributes = {
				LastUpgradeCheck = 0700;
				ORGANIZATIONNAME = yogayu.github.io;
				TargetAttributes = {
					9A43F5CE1BD4B582009F5F5F = {
						CreatedOnToolsVersion = 7.0.1;
						DevelopmentTeam = 86YS7NFAB9;
					};
					9A43F5E21BD4B582009F5F5F = {
						CreatedOnToolsVersion = 7.0.1;
						DevelopmentTeam = 86YS7NFAB9;
						TestTargetID = 9A43F5CE1BD4B582009F5F5F;
					};
					9A43F5ED1BD4B582009F5F5F = {
						CreatedOnToolsVersion = 7.0.1;
						DevelopmentTeam = 86YS7NFAB9;
						TestTargetID = 9A43F5CE1BD4B582009F5F5F;
					};
				};
			};
			buildConfigurationList = 9A43F5CA1BD4B582009F5F5F /* Build configuration list for PBXProject "Flo" */;
			compatibilityVersion = "Xcode 3.2";
			developmentRegion = English;
			hasScannedForEncodings = 0;
			knownRegions = (
				en,
				Base,
			);
			mainGroup = 9A43F5C61BD4B582009F5F5F;
			productRefGroup = 9A43F5D01BD4B582009F5F5F /* Products */;
			projectDirPath = "";
			projectRoot = "";
			targets = (
				9A43F5CE1BD4B582009F5F5F /* Flo */,
				9A43F5E21BD4B582009F5F5F /* FloTests */,
				9A43F5ED1BD4B582009F5F5F /* FloUITests */,
			);
		};
/* End PBXProject section */

/* Begin PBXResourcesBuildPhase section */
		9A43F5CD1BD4B582009F5F5F /* Resources */ = {
			isa = PBXResourcesBuildPhase;
			buildActionMask = 2147483647;
			files = (
				9A43F5DD1BD4B582009F5F5F /* LaunchScreen.storyboard in Resources */,
				9A43F5DA1BD4B582009F5F5F /* Assets.xcassets in Resources */,
				9A43F5D81BD4B582009F5F5F /* Main.storyboard in Resources */,
			);
			runOnlyForDeploymentPostprocessing = 0;
		};
		9A43F5E11BD4B582009F5F5F /* Resources */ = {
			isa = PBXResourcesBuildPhase;
			buildActionMask = 2147483647;
			files = (
			);
			runOnlyForDeploymentPostprocessing = 0;
		};
		9A43F5EC1BD4B582009F5F5F /* Resources */ = {
			isa = PBXResourcesBuildPhase;
			buildActionMask = 2147483647;
			files = (
			);
			runOnlyForDeploymentPostprocessing = 0;
		};
/* End PBXResourcesBuildPhase section */

/* Begin PBXSourcesBuildPhase section */
		9A43F5CB1BD4B582009F5F5F /* Sources */ = {
			isa = PBXSourcesBuildPhase;
			buildActionMask = 2147483647;
			files = (
				9A43125F1BD5EFDF001D905B /* GraphView.swift in Sources */,
				9A43F5D51BD4B582009F5F5F /* ViewController.swift in Sources */,
				9A43F6011BD4B600009F5F5F /* PushButtonView.swift in Sources */,
				9A43F5D31BD4B582009F5F5F /* AppDelegate.swift in Sources */,
				9A38C56B1BD532D700BEA9BD /* CounterView.swift in Sources */,
			);
			runOnlyForDeploymentPostprocessing = 0;
		};
		9A43F5DF1BD4B582009F5F5F /* Sources */ = {
			isa = PBXSourcesBuildPhase;
			buildActionMask = 2147483647;
			files = (
				9A43F5E81BD4B582009F5F5F /* FloTests.swift in Sources */,
			);
			runOnlyForDeploymentPostprocessing = 0;
		};
		9A43F5EA1BD4B582009F5F5F /* Sources */ = {
			isa = PBXSourcesBuildPhase;
			buildActionMask = 2147483647;
			files = (
				9A43F5F31BD4B582009F5F5F /* FloUITests.swift in Sources */,
			);
			runOnlyForDeploymentPostprocessing = 0;
		};
/* End PBXSourcesBuildPhase section */

/* Begin PBXTargetDependency section */
		9A43F5E51BD4B582009F5F5F /* PBXTargetDependency */ = {
			isa = PBXTargetDependency;
			target = 9A43F5CE1BD4B582009F5F5F /* Flo */;
			targetProxy = 9A43F5E41BD4B582009F5F5F /* PBXContainerItemProxy */;
		};
		9A43F5F01BD4B582009F5F5F /* PBXTargetDependency */ = {
			isa = PBXTargetDependency;
			target = 9A43F5CE1BD4B582009F5F5F /* Flo */;
			targetProxy = 9A43F5EF1BD4B582009F5F5F /* PBXContainerItemProxy */;
		};
/* End PBXTargetDependency section */

/* Begin PBXVariantGroup section */
		9A43F5D61BD4B582009F5F5F /* Main.storyboard */ = {
			isa = PBXVariantGroup;
			children = (
				9A43F5D71BD4B582009F5F5F /* Base */,
			);
			name = Main.storyboard;
			sourceTree = "<group>";
		};
		9A43F5DB1BD4B582009F5F5F /* LaunchScreen.storyboard */ = {
			isa = PBXVariantGroup;
			children = (
				9A43F5DC1BD4B582009F5F5F /* Base */,
			);
			name = LaunchScreen.storyboard;
			sourceTree = "<group>";
		};
/* End PBXVariantGroup section */

/* Begin XCBuildConfiguration section */
		9A43F5F51BD4B582009F5F5F /* Debug */ = {
			isa = XCBuildConfiguration;
			buildSettings = {
				ALWAYS_SEARCH_USER_PATHS = NO;
				CLANG_CXX_LANGUAGE_STANDARD = "gnu++0x";
				CLANG_CXX_LIBRARY = "libc++";
				CLANG_ENABLE_MODULES = YES;
				CLANG_ENABLE_OBJC_ARC = YES;
				CLANG_WARN_BOOL_CONVERSION = YES;
				CLANG_WARN_CONSTANT_CONVERSION = YES;
				CLANG_WARN_DIRECT_OBJC_ISA_USAGE = YES_ERROR;
				CLANG_WARN_EMPTY_BODY = YES;
				CLANG_WARN_ENUM_CONVERSION = YES;
				CLANG_WARN_INT_CONVERSION = YES;
				CLANG_WARN_OBJC_ROOT_CLASS = YES_ERROR;
				CLANG_WARN_UNREACHABLE_CODE = YES;
				CLANG_WARN__DUPLICATE_METHOD_MATCH = YES;
				"CODE_SIGN_IDENTITY[sdk=iphoneos*]" = "iPhone Developer";
				COPY_PHASE_STRIP = NO;
				DEBUG_INFORMATION_FORMAT = dwarf;
				ENABLE_STRICT_OBJC_MSGSEND = YES;
				ENABLE_TESTABILITY = YES;
				GCC_C_LANGUAGE_STANDARD = gnu99;
				GCC_DYNAMIC_NO_PIC = NO;
				GCC_NO_COMMON_BLOCKS = YES;
				GCC_OPTIMIZATION_LEVEL = 0;
				GCC_PREPROCESSOR_DEFINITIONS = (
					"DEBUG=1",
					"$(inherited)",
				);
				GCC_WARN_64_TO_32_BIT_CONVERSION = YES;
				GCC_WARN_ABOUT_RETURN_TYPE = YES_ERROR;
				GCC_WARN_UNDECLARED_SELECTOR = YES;
				GCC_WARN_UNINITIALIZED_AUTOS = YES_AGGRESSIVE;
				GCC_WARN_UNUSED_FUNCTION = YES;
				GCC_WARN_UNUSED_VARIABLE = YES;
				IPHONEOS_DEPLOYMENT_TARGET = 9.0;
				MTL_ENABLE_DEBUG_INFO = YES;
				ONLY_ACTIVE_ARCH = YES;
				SDKROOT = iphoneos;
				SWIFT_OPTIMIZATION_LEVEL = "-Onone";
				TARGETED_DEVICE_FAMILY = "1,2";
			};
			name = Debug;
		};
		9A43F5F61BD4B582009F5F5F /* Release */ = {
			isa = XCBuildConfiguration;
			buildSettings = {
				ALWAYS_SEARCH_USER_PATHS = NO;
				CLANG_CXX_LANGUAGE_STANDARD = "gnu++0x";
				CLANG_CXX_LIBRARY = "libc++";
				CLANG_ENABLE_MODULES = YES;
				CLANG_ENABLE_OBJC_ARC = YES;
				CLANG_WARN_BOOL_CONVERSION = YES;
				CLANG_WARN_CONSTANT_CONVERSION = YES;
				CLANG_WARN_DIRECT_OBJC_ISA_USAGE = YES_ERROR;
				CLANG_WARN_EMPTY_BODY = YES;
				CLANG_WARN_ENUM_CONVERSION = YES;
				CLANG_WARN_INT_CONVERSION = YES;
				CLANG_WARN_OBJC_ROOT_CLASS = YES_ERROR;
				CLANG_WARN_UNREACHABLE_CODE = YES;
				CLANG_WARN__DUPLICATE_METHOD_MATCH = YES;
				"CODE_SIGN_IDENTITY[sdk=iphoneos*]" = "iPhone Developer";
				COPY_PHASE_STRIP = NO;
				DEBUG_INFORMATION_FORMAT = "dwarf-with-dsym";
				ENABLE_NS_ASSERTIONS = NO;
				ENABLE_STRICT_OBJC_MSGSEND = YES;
				GCC_C_LANGUAGE_STANDARD = gnu99;
				GCC_NO_COMMON_BLOCKS = YES;
				GCC_WARN_64_TO_32_BIT_CONVERSION = YES;
				GCC_WARN_ABOUT_RETURN_TYPE = YES_ERROR;
				GCC_WARN_UNDECLARED_SELECTOR = YES;
				GCC_WARN_UNINITIALIZED_AUTOS = YES_AGGRESSIVE;
				GCC_WARN_UNUSED_FUNCTION = YES;
				GCC_WARN_UNUSED_VARIABLE = YES;
				IPHONEOS_DEPLOYMENT_TARGET = 9.0;
				MTL_ENABLE_DEBUG_INFO = NO;
				SDKROOT = iphoneos;
				TARGETED_DEVICE_FAMILY = "1,2";
				VALIDATE_PRODUCT = YES;
			};
			name = Release;
		};
		9A43F5F81BD4B582009F5F5F /* Debug */ = {
			isa = XCBuildConfiguration;
			buildSettings = {
				ASSETCATALOG_COMPILER_APPICON_NAME = AppIcon;
				INFOPLIST_FILE = Flo/Info.plist;
				IPHONEOS_DEPLOYMENT_TARGET = 8.4;
				LD_RUNPATH_SEARCH_PATHS = "$(inherited) @executable_path/Frameworks";
				PRODUCT_BUNDLE_IDENTIFIER = yogayu.github.io.Flo;
				PRODUCT_NAME = "$(TARGET_NAME)";
			};
			name = Debug;
		};
		9A43F5F91BD4B582009F5F5F /* Release */ = {
			isa = XCBuildConfiguration;
			buildSettings = {
				ASSETCATALOG_COMPILER_APPICON_NAME = AppIcon;
				INFOPLIST_FILE = Flo/Info.plist;
				IPHONEOS_DEPLOYMENT_TARGET = 8.4;
				LD_RUNPATH_SEARCH_PATHS = "$(inherited) @executable_path/Frameworks";
				PRODUCT_BUNDLE_IDENTIFIER = yogayu.github.io.Flo;
				PRODUCT_NAME = "$(TARGET_NAME)";
			};
			name = Release;
		};
		9A43F5FB1BD4B582009F5F5F /* Debug */ = {
			isa = XCBuildConfiguration;
			buildSettings = {
				BUNDLE_LOADER = "$(TEST_HOST)";
				INFOPLIST_FILE = FloTests/Info.plist;
				LD_RUNPATH_SEARCH_PATHS = "$(inherited) @executable_path/Frameworks @loader_path/Frameworks";
				PRODUCT_BUNDLE_IDENTIFIER = yogayu.github.io.FloTests;
				PRODUCT_NAME = "$(TARGET_NAME)";
				TEST_HOST = "$(BUILT_PRODUCTS_DIR)/Flo.app/Flo";
			};
			name = Debug;
		};
		9A43F5FC1BD4B582009F5F5F /* Release */ = {
			isa = XCBuildConfiguration;
			buildSettings = {
				BUNDLE_LOADER = "$(TEST_HOST)";
				INFOPLIST_FILE = FloTests/Info.plist;
				LD_RUNPATH_SEARCH_PATHS = "$(inherited) @executable_path/Frameworks @loader_path/Frameworks";
				PRODUCT_BUNDLE_IDENTIFIER = yogayu.github.io.FloTests;
				PRODUCT_NAME = "$(TARGET_NAME)";
				TEST_HOST = "$(BUILT_PRODUCTS_DIR)/Flo.app/Flo";
			};
			name = Release;
		};
		9A43F5FE1BD4B582009F5F5F /* Debug */ = {
			isa = XCBuildConfiguration;
			buildSettings = {
				INFOPLIST_FILE = FloUITests/Info.plist;
				LD_RUNPATH_SEARCH_PATHS = "$(inherited) @executable_path/Frameworks @loader_path/Frameworks";
				PRODUCT_BUNDLE_IDENTIFIER = yogayu.github.io.FloUITests;
				PRODUCT_NAME = "$(TARGET_NAME)";
				TEST_TARGET_NAME = Flo;
				USES_XCTRUNNER = YES;
			};
			name = Debug;
		};
		9A43F5FF1BD4B582009F5F5F /* Release */ = {
			isa = XCBuildConfiguration;
			buildSettings = {
				INFOPLIST_FILE = FloUITests/Info.plist;
				LD_RUNPATH_SEARCH_PATHS = "$(inherited) @executable_path/Frameworks @loader_path/Frameworks";
				PRODUCT_BUNDLE_IDENTIFIER = yogayu.github.io.FloUITests;
				PRODUCT_NAME = "$(TARGET_NAME)";
				TEST_TARGET_NAME = Flo;
				USES_XCTRUNNER = YES;
			};
			name = Release;
		};
/* End XCBuildConfiguration section */

/* Begin XCConfigurationList section */
		9A43F5CA1BD4B582009F5F5F /* Build configuration list for PBXProject "Flo" */ = {
			isa = XCConfigurationList;
			buildConfigurations = (
				9A43F5F51BD4B582009F5F5F /* Debug */,
				9A43F5F61BD4B582009F5F5F /* Release */,
			);
			defaultConfigurationIsVisible = 0;
			defaultConfigurationName = Release;
		};
		9A43F5F71BD4B582009F5F5F /* Build configuration list for PBXNativeTarget "Flo" */ = {
			isa = XCConfigurationList;
			buildConfigurations = (
				9A43F5F81BD4B582009F5F5F /* Debug */,
				9A43F5F91BD4B582009F5F5F /* Release */,
			);
			defaultConfigurationIsVisible = 0;
			defaultConfigurationName = Release;
		};
		9A43F5FA1BD4B582009F5F5F /* Build configuration list for PBXNativeTarget "FloTests" */ = {
			isa = XCConfigurationList;
			buildConfigurations = (
				9A43F5FB1BD4B582009F5F5F /* Debug */,
				9A43F5FC1BD4B582009F5F5F /* Release */,
			);
			defaultConfigurationIsVisible = 0;
			defaultConfigurationName = Release;
		};
		9A43F5FD1BD4B582009F5F5F /* Build configuration list for PBXNativeTarget "FloUITests" */ = {
			isa = XCConfigurationList;
			buildConfigurations = (
				9A43F5FE1BD4B582009F5F5F /* Debug */,
				9A43F5FF1BD4B582009F5F5F /* Release */,
			);
			defaultConfigurationIsVisible = 0;
			defaultConfigurationName = Release;
		};
/* End XCConfigurationList section */
	};
	rootObject = 9A43F5C71BD4B582009F5F5F /* Project object */;
}
