// !$*UTF8*$!
{
	archiveVersion = 1;
	classes = {
	};
	objectVersion = 46;
	objects = {

/* Begin PBXBuildFile section */
		9A64ACEA1B81EBAC007E96C4 /* AppDelegate.swift in Sources */ = {isa = PBXBuildFile; fileRef = 9A64ACE91B81EBAC007E96C4 /* AppDelegate.swift */; };
		9A64ACEC1B81EBAC007E96C4 /* ViewController.swift in Sources */ = {isa = PBXBuildFile; fileRef = 9A64ACEB1B81EBAC007E96C4 /* ViewController.swift */; };
		9A64ACEF1B81EBAC007E96C4 /* Main.storyboard in Resources */ = {isa = PBXBuildFile; fileRef = 9A64ACED1B81EBAC007E96C4 /* Main.storyboard */; };
		9A64ACF11B81EBAC007E96C4 /* Images.xcassets in Resources */ = {isa = PBXBuildFile; fileRef = 9A64ACF01B81EBAC007E96C4 /* Images.xcassets */; };
		9A64ACF41B81EBAC007E96C4 /* LaunchScreen.xib in Resources */ = {isa = PBXBuildFile; fileRef = 9A64ACF21B81EBAC007E96C4 /* LaunchScreen.xib */; };
		9A64AD001B81EBAC007E96C4 /* UIKitDemoTests.swift in Sources */ = {isa = PBXBuildFile; fileRef = 9A64ACFF1B81EBAC007E96C4 /* UIKitDemoTests.swift */; };
/* End PBXBuildFile section */

/* Begin PBXContainerItemProxy section */
		9A64ACFA1B81EBAC007E96C4 /* PBXContainerItemProxy */ = {
			isa = PBXContainerItemProxy;
			containerPortal = 9A64ACDC1B81EBAC007E96C4 /* Project object */;
			proxyType = 1;
			remoteGlobalIDString = 9A64ACE31B81EBAC007E96C4;
			remoteInfo = UIKitDemo;
		};
/* End PBXContainerItemProxy section */

/* Begin PBXFileReference section */
		9A64ACE41B81EBAC007E96C4 /* UIKitDemo.app */ = {isa = PBXFileReference; explicitFileType = wrapper.application; includeInIndex = 0; path = UIKitDemo.app; sourceTree = BUILT_PRODUCTS_DIR; };
		9A64ACE81B81EBAC007E96C4 /* Info.plist */ = {isa = PBXFileReference; lastKnownFileType = text.plist.xml; path = Info.plist; sourceTree = "<group>"; };
		9A64ACE91B81EBAC007E96C4 /* AppDelegate.swift */ = {isa = PBXFileReference; lastKnownFileType = sourcecode.swift; path = AppDelegate.swift; sourceTree = "<group>"; };
		9A64ACEB1B81EBAC007E96C4 /* ViewController.swift */ = {isa = PBXFileReference; lastKnownFileType = sourcecode.swift; path = ViewController.swift; sourceTree = "<group>"; };
		9A64ACEE1B81EBAC007E96C4 /* Base */ = {isa = PBXFileReference; lastKnownFileType = file.storyboard; name = Base; path = Base.lproj/Main.storyboard; sourceTree = "<group>"; };
		9A64ACF01B81EBAC007E96C4 /* Images.xcassets */ = {isa = PBXFileReference; lastKnownFileType = folder.assetcatalog; path = Images.xcassets; sourceTree = "<group>"; };
		9A64ACF31B81EBAC007E96C4 /* Base */ = {isa = PBXFileReference; lastKnownFileType = file.xib; name = Base; path = Base.lproj/LaunchScreen.xib; sourceTree = "<group>"; };
		9A64ACF91B81EBAC007E96C4 /* UIKitDemoTests.xctest */ = {isa = PBXFileReference; explicitFileType = wrapper.cfbundle; includeInIndex = 0; path = UIKitDemoTests.xctest; sourceTree = BUILT_PRODUCTS_DIR; };
		9A64ACFE1B81EBAC007E96C4 /* Info.plist */ = {isa = PBXFileReference; lastKnownFileType = text.plist.xml; path = Info.plist; sourceTree = "<group>"; };
		9A64ACFF1B81EBAC007E96C4 /* UIKitDemoTests.swift */ = {isa = PBXFileReference; lastKnownFileType = sourcecode.swift; path = UIKitDemoTests.swift; sourceTree = "<group>"; };
/* End PBXFileReference section */

/* Begin PBXFrameworksBuildPhase section */
		9A64ACE11B81EBAC007E96C4 /* Frameworks */ = {
			isa = PBXFrameworksBuildPhase;
			buildActionMask = 2147483647;
			files = (
			);
			runOnlyForDeploymentPostprocessing = 0;
		};
		9A64ACF61B81EBAC007E96C4 /* Frameworks */ = {
			isa = PBXFrameworksBuildPhase;
			buildActionMask = 2147483647;
			files = (
			);
			runOnlyForDeploymentPostprocessing = 0;
		};
/* End PBXFrameworksBuildPhase section */

/* Begin PBXGroup section */
		9A64ACDB1B81EBAC007E96C4 = {
			isa = PBXGroup;
			children = (
				9A64ACE61B81EBAC007E96C4 /* UIKitDemo */,
				9A64ACFC1B81EBAC007E96C4 /* UIKitDemoTests */,
				9A64ACE51B81EBAC007E96C4 /* Products */,
			);
			sourceTree = "<group>";
		};
		9A64ACE51B81EBAC007E96C4 /* Products */ = {
			isa = PBXGroup;
			children = (
				9A64ACE41B81EBAC007E96C4 /* UIKitDemo.app */,
				9A64ACF91B81EBAC007E96C4 /* UIKitDemoTests.xctest */,
			);
			name = Products;
			sourceTree = "<group>";
		};
		9A64ACE61B81EBAC007E96C4 /* UIKitDemo */ = {
			isa = PBXGroup;
			children = (
				9A64ACE91B81EBAC007E96C4 /* AppDelegate.swift */,
				9A64ACEB1B81EBAC007E96C4 /* ViewController.swift */,
				9A64ACED1B81EBAC007E96C4 /* Main.storyboard */,
				9A64ACF01B81EBAC007E96C4 /* Images.xcassets */,
				9A64ACF21B81EBAC007E96C4 /* LaunchScreen.xib */,
				9A64ACE71B81EBAC007E96C4 /* Supporting Files */,
			);
			path = UIKitDemo;
			sourceTree = "<group>";
		};
		9A64ACE71B81EBAC007E96C4 /* Supporting Files */ = {
			isa = PBXGroup;
			children = (
				9A64ACE81B81EBAC007E96C4 /* Info.plist */,
			);
			name = "Supporting Files";
			sourceTree = "<group>";
		};
		9A64ACFC1B81EBAC007E96C4 /* UIKitDemoTests */ = {
			isa = PBXGroup;
			children = (
				9A64ACFF1B81EBAC007E96C4 /* UIKitDemoTests.swift */,
				9A64ACFD1B81EBAC007E96C4 /* Supporting Files */,
			);
			path = UIKitDemoTests;
			sourceTree = "<group>";
		};
		9A64ACFD1B81EBAC007E96C4 /* Supporting Files */ = {
			isa = PBXGroup;
			children = (
				9A64ACFE1B81EBAC007E96C4 /* Info.plist */,
			);
			name = "Supporting Files";
			sourceTree = "<group>";
		};
/* End PBXGroup section */

/* Begin PBXNativeTarget section */
		9A64ACE31B81EBAC007E96C4 /* UIKitDemo */ = {
			isa = PBXNativeTarget;
			buildConfigurationList = 9A64AD031B81EBAC007E96C4 /* Build configuration list for PBXNativeTarget "UIKitDemo" */;
			buildPhases = (
				9A64ACE01B81EBAC007E96C4 /* Sources */,
				9A64ACE11B81EBAC007E96C4 /* Frameworks */,
				9A64ACE21B81EBAC007E96C4 /* Resources */,
			);
			buildRules = (
			);
			dependencies = (
			);
			name = UIKitDemo;
			productName = UIKitDemo;
			productReference = 9A64ACE41B81EBAC007E96C4 /* UIKitDemo.app */;
			productType = "com.apple.product-type.application";
		};
		9A64ACF81B81EBAC007E96C4 /* UIKitDemoTests */ = {
			isa = PBXNativeTarget;
			buildConfigurationList = 9A64AD061B81EBAC007E96C4 /* Build configuration list for PBXNativeTarget "UIKitDemoTests" */;
			buildPhases = (
				9A64ACF51B81EBAC007E96C4 /* Sources */,
				9A64ACF61B81EBAC007E96C4 /* Frameworks */,
				9A64ACF71B81EBAC007E96C4 /* Resources */,
			);
			buildRules = (
			);
			dependencies = (
				9A64ACFB1B81EBAC007E96C4 /* PBXTargetDependency */,
			);
			name = UIKitDemoTests;
			productName = UIKitDemoTests;
			productReference = 9A64ACF91B81EBAC007E96C4 /* UIKitDemoTests.xctest */;
			productType = "com.apple.product-type.bundle.unit-test";
		};
/* End PBXNativeTarget section */

/* Begin PBXProject section */
		9A64ACDC1B81EBAC007E96C4 /* Project object */ = {
			isa = PBXProject;
			attributes = {
				LastSwiftUpdateCheck = 0730;
				LastUpgradeCheck = 0630;
				ORGANIZATIONNAME = yogayu.github.io;
				TargetAttributes = {
					9A64ACE31B81EBAC007E96C4 = {
						CreatedOnToolsVersion = 6.3.1;
					};
					9A64ACF81B81EBAC007E96C4 = {
						CreatedOnToolsVersion = 6.3.1;
						TestTargetID = 9A64ACE31B81EBAC007E96C4;
					};
				};
			};
			buildConfigurationList = 9A64ACDF1B81EBAC007E96C4 /* Build configuration list for PBXProject "UIKitDemo" */;
			compatibilityVersion = "Xcode 3.2";
			developmentRegion = English;
			hasScannedForEncodings = 0;
			knownRegions = (
				en,
				Base,
			);
			mainGroup = 9A64ACDB1B81EBAC007E96C4;
			productRefGroup = 9A64ACE51B81EBAC007E96C4 /* Products */;
			projectDirPath = "";
			projectRoot = "";
			targets = (
				9A64ACE31B81EBAC007E96C4 /* UIKitDemo */,
				9A64ACF81B81EBAC007E96C4 /* UIKitDemoTests */,
			);
		};
/* End PBXProject section */

/* Begin PBXResourcesBuildPhase section */
		9A64ACE21B81EBAC007E96C4 /* Resources */ = {
			isa = PBXResourcesBuildPhase;
			buildActionMask = 2147483647;
			files = (
				9A64ACEF1B81EBAC007E96C4 /* Main.storyboard in Resources */,
				9A64ACF41B81EBAC007E96C4 /* LaunchScreen.xib in Resources */,
				9A64ACF11B81EBAC007E96C4 /* Images.xcassets in Resources */,
			);
			runOnlyForDeploymentPostprocessing = 0;
		};
		9A64ACF71B81EBAC007E96C4 /* Resources */ = {
			isa = PBXResourcesBuildPhase;
			buildActionMask = 2147483647;
			files = (
			);
			runOnlyForDeploymentPostprocessing = 0;
		};
/* End PBXResourcesBuildPhase section */

/* Begin PBXSourcesBuildPhase section */
		9A64ACE01B81EBAC007E96C4 /* Sources */ = {
			isa = PBXSourcesBuildPhase;
			buildActionMask = 2147483647;
			files = (
				9A64ACEC1B81EBAC007E96C4 /* ViewController.swift in Sources */,
				9A64ACEA1B81EBAC007E96C4 /* AppDelegate.swift in Sources */,
			);
			runOnlyForDeploymentPostprocessing = 0;
		};
		9A64ACF51B81EBAC007E96C4 /* Sources */ = {
			isa = PBXSourcesBuildPhase;
			buildActionMask = 2147483647;
			files = (
				9A64AD001B81EBAC007E96C4 /* UIKitDemoTests.swift in Sources */,
			);
			runOnlyForDeploymentPostprocessing = 0;
		};
/* End PBXSourcesBuildPhase section */

/* Begin PBXTargetDependency section */
		9A64ACFB1B81EBAC007E96C4 /* PBXTargetDependency */ = {
			isa = PBXTargetDependency;
			target = 9A64ACE31B81EBAC007E96C4 /* UIKitDemo */;
			targetProxy = 9A64ACFA1B81EBAC007E96C4 /* PBXContainerItemProxy */;
		};
/* End PBXTargetDependency section */

/* Begin PBXVariantGroup section */
		9A64ACED1B81EBAC007E96C4 /* Main.storyboard */ = {
			isa = PBXVariantGroup;
			children = (
				9A64ACEE1B81EBAC007E96C4 /* Base */,
			);
			name = Main.storyboard;
			sourceTree = "<group>";
		};
		9A64ACF21B81EBAC007E96C4 /* LaunchScreen.xib */ = {
			isa = PBXVariantGroup;
			children = (
				9A64ACF31B81EBAC007E96C4 /* Base */,
			);
			name = LaunchScreen.xib;
			sourceTree = "<group>";
		};
/* End PBXVariantGroup section */

/* Begin XCBuildConfiguration section */
		9A64AD011B81EBAC007E96C4 /* Debug */ = {
			isa = XCBuildConfiguration;
			buildSettings = {
				ALWAYS_SEARCH_USER_PATHS = NO;
				CLANG_CXX_LANGUAGE_STANDARD = "gnu++0x";
				CLANG_CXX_LIBRARY = "libc++";
				CLANG_ENABLE_MODULES = YES;
				CLANG_ENABLE_OBJC_ARC = YES;
				CLANG_WARN_BOOL_CONVERSION = YES;
				CLANG_WARN_CONSTANT_CONVERSION = YES;
				CLANG_WARN_DIRECT_OBJC_ISA_USAGE = YES_ERROR;
				CLANG_WARN_EMPTY_BODY = YES;
				CLANG_WARN_ENUM_CONVERSION = YES;
				CLANG_WARN_INT_CONVERSION = YES;
				CLANG_WARN_OBJC_ROOT_CLASS = YES_ERROR;
				CLANG_WARN_UNREACHABLE_CODE = YES;
				CLANG_WARN__DUPLICATE_METHOD_MATCH = YES;
				"CODE_SIGN_IDENTITY[sdk=iphoneos*]" = "iPhone Developer";
				COPY_PHASE_STRIP = NO;
				DEBUG_INFORMATION_FORMAT = "dwarf-with-dsym";
				ENABLE_STRICT_OBJC_MSGSEND = YES;
				GCC_C_LANGUAGE_STANDARD = gnu99;
				GCC_DYNAMIC_NO_PIC = NO;
				GCC_NO_COMMON_BLOCKS = YES;
				GCC_OPTIMIZATION_LEVEL = 0;
				GCC_PREPROCESSOR_DEFINITIONS = (
					"DEBUG=1",
					"$(inherited)",
				);
				GCC_SYMBOLS_PRIVATE_EXTERN = NO;
				GCC_WARN_64_TO_32_BIT_CONVERSION = YES;
				GCC_WARN_ABOUT_RETURN_TYPE = YES_ERROR;
				GCC_WARN_UNDECLARED_SELECTOR = YES;
				GCC_WARN_UNINITIALIZED_AUTOS = YES_AGGRESSIVE;
				GCC_WARN_UNUSED_FUNCTION = YES;
				GCC_WARN_UNUSED_VARIABLE = YES;
				IPHONEOS_DEPLOYMENT_TARGET = 8.3;
				MTL_ENABLE_DEBUG_INFO = YES;
				ONLY_ACTIVE_ARCH = YES;
				SDKROOT = iphoneos;
				SWIFT_OPTIMIZATION_LEVEL = "-Onone";
				TARGETED_DEVICE_FAMILY = "1,2";
			};
			name = Debug;
		};
		9A64AD021B81EBAC007E96C4 /* Release */ = {
			isa = XCBuildConfiguration;
			buildSettings = {
				ALWAYS_SEARCH_USER_PATHS = NO;
				CLANG_CXX_LANGUAGE_STANDARD = "gnu++0x";
				CLANG_CXX_LIBRARY = "libc++";
				CLANG_ENABLE_MODULES = YES;
				CLANG_ENABLE_OBJC_ARC = YES;
				CLANG_WARN_BOOL_CONVERSION = YES;
				CLANG_WARN_CONSTANT_CONVERSION = YES;
				CLANG_WARN_DIRECT_OBJC_ISA_USAGE = YES_ERROR;
				CLANG_WARN_EMPTY_BODY = YES;
				CLANG_WARN_ENUM_CONVERSION = YES;
				CLANG_WARN_INT_CONVERSION = YES;
				CLANG_WARN_OBJC_ROOT_CLASS = YES_ERROR;
				CLANG_WARN_UNREACHABLE_CODE = YES;
				CLANG_WARN__DUPLICATE_METHOD_MATCH = YES;
				"CODE_SIGN_IDENTITY[sdk=iphoneos*]" = "iPhone Developer";
				COPY_PHASE_STRIP = NO;
				DEBUG_INFORMATION_FORMAT = "dwarf-with-dsym";
				ENABLE_NS_ASSERTIONS = NO;
				ENABLE_STRICT_OBJC_MSGSEND = YES;
				GCC_C_LANGUAGE_STANDARD = gnu99;
				GCC_NO_COMMON_BLOCKS = YES;
				GCC_WARN_64_TO_32_BIT_CONVERSION = YES;
				GCC_WARN_ABOUT_RETURN_TYPE = YES_ERROR;
				GCC_WARN_UNDECLARED_SELECTOR = YES;
				GCC_WARN_UNINITIALIZED_AUTOS = YES_AGGRESSIVE;
				GCC_WARN_UNUSED_FUNCTION = YES;
				GCC_WARN_UNUSED_VARIABLE = YES;
				IPHONEOS_DEPLOYMENT_TARGET = 8.3;
				MTL_ENABLE_DEBUG_INFO = NO;
				SDKROOT = iphoneos;
				TARGETED_DEVICE_FAMILY = "1,2";
				VALIDATE_PRODUCT = YES;
			};
			name = Release;
		};
		9A64AD041B81EBAC007E96C4 /* Debug */ = {
			isa = XCBuildConfiguration;
			buildSettings = {
				ASSETCATALOG_COMPILER_APPICON_NAME = AppIcon;
				INFOPLIST_FILE = UIKitDemo/Info.plist;
				LD_RUNPATH_SEARCH_PATHS = "$(inherited) @executable_path/Frameworks";
				PRODUCT_NAME = "$(TARGET_NAME)";
			};
			name = Debug;
		};
		9A64AD051B81EBAC007E96C4 /* Release */ = {
			isa = XCBuildConfiguration;
			buildSettings = {
				ASSETCATALOG_COMPILER_APPICON_NAME = AppIcon;
				INFOPLIST_FILE = UIKitDemo/Info.plist;
				LD_RUNPATH_SEARCH_PATHS = "$(inherited) @executable_path/Frameworks";
				PRODUCT_NAME = "$(TARGET_NAME)";
			};
			name = Release;
		};
		9A64AD071B81EBAC007E96C4 /* Debug */ = {
			isa = XCBuildConfiguration;
			buildSettings = {
				BUNDLE_LOADER = "$(TEST_HOST)";
				FRAMEWORK_SEARCH_PATHS = (
					"$(SDKROOT)/Developer/Library/Frameworks",
					"$(inherited)",
				);
				GCC_PREPROCESSOR_DEFINITIONS = (
					"DEBUG=1",
					"$(inherited)",
				);
				INFOPLIST_FILE = UIKitDemoTests/Info.plist;
				LD_RUNPATH_SEARCH_PATHS = "$(inherited) @executable_path/Frameworks @loader_path/Frameworks";
				PRODUCT_NAME = "$(TARGET_NAME)";
				TEST_HOST = "$(BUILT_PRODUCTS_DIR)/UIKitDemo.app/UIKitDemo";
			};
			name = Debug;
		};
		9A64AD081B81EBAC007E96C4 /* Release */ = {
			isa = XCBuildConfiguration;
			buildSettings = {
				BUNDLE_LOADER = "$(TEST_HOST)";
				FRAMEWORK_SEARCH_PATHS = (
					"$(SDKROOT)/Developer/Library/Frameworks",
					"$(inherited)",
				);
				INFOPLIST_FILE = UIKitDemoTests/Info.plist;
				LD_RUNPATH_SEARCH_PATHS = "$(inherited) @executable_path/Frameworks @loader_path/Frameworks";
				PRODUCT_NAME = "$(TARGET_NAME)";
				TEST_HOST = "$(BUILT_PRODUCTS_DIR)/UIKitDemo.app/UIKitDemo";
			};
			name = Release;
		};
/* End XCBuildConfiguration section */

/* Begin XCConfigurationList section */
		9A64ACDF1B81EBAC007E96C4 /* Build configuration list for PBXProject "UIKitDemo" */ = {
			isa = XCConfigurationList;
			buildConfigurations = (
				9A64AD011B81EBAC007E96C4 /* Debug */,
				9A64AD021B81EBAC007E96C4 /* Release */,
			);
			defaultConfigurationIsVisible = 0;
			defaultConfigurationName = Release;
		};
		9A64AD031B81EBAC007E96C4 /* Build configuration list for PBXNativeTarget "UIKitDemo" */ = {
			isa = XCConfigurationList;
			buildConfigurations = (
				9A64AD041B81EBAC007E96C4 /* Debug */,
				9A64AD051B81EBAC007E96C4 /* Release */,
			);
			defaultConfigurationIsVisible = 0;
			defaultConfigurationName = Release;
		};
		9A64AD061B81EBAC007E96C4 /* Build configuration list for PBXNativeTarget "UIKitDemoTests" */ = {
			isa = XCConfigurationList;
			buildConfigurations = (
				9A64AD071B81EBAC007E96C4 /* Debug */,
				9A64AD081B81EBAC007E96C4 /* Release */,
			);
			defaultConfigurationIsVisible = 0;
			defaultConfigurationName = Release;
		};
/* End XCConfigurationList section */
	};
	rootObject = 9A64ACDC1B81EBAC007E96C4 /* Project object */;
}
