// !$*UTF8*$!
{
	archiveVersion = 1;
	classes = {
	};
	objectVersion = 46;
	objects = {

/* Begin PBXBuildFile section */
		9A0C58981B80D2E100B0CB62 /* AppDelegate.swift in Sources */ = {isa = PBXBuildFile; fileRef = 9A0C58971B80D2E100B0CB62 /* AppDelegate.swift */; };
		9A0C589A1B80D2E100B0CB62 /* ViewController.swift in Sources */ = {isa = PBXBuildFile; fileRef = 9A0C58991B80D2E100B0CB62 /* ViewController.swift */; };
		9A0C589D1B80D2E100B0CB62 /* Main.storyboard in Resources */ = {isa = PBXBuildFile; fileRef = 9A0C589B1B80D2E100B0CB62 /* Main.storyboard */; };
		9A0C589F1B80D2E100B0CB62 /* Images.xcassets in Resources */ = {isa = PBXBuildFile; fileRef = 9A0C589E1B80D2E100B0CB62 /* Images.xcassets */; };
		9A0C58A21B80D2E100B0CB62 /* LaunchScreen.xib in Resources */ = {isa = PBXBuildFile; fileRef = 9A0C58A01B80D2E100B0CB62 /* LaunchScreen.xib */; };
		9A0C58AE1B80D2E100B0CB62 /* LabelDemoTests.swift in Sources */ = {isa = PBXBuildFile; fileRef = 9A0C58AD1B80D2E100B0CB62 /* LabelDemoTests.swift */; };
/* End PBXBuildFile section */

/* Begin PBXContainerItemProxy section */
		9A0C58A81B80D2E100B0CB62 /* PBXContainerItemProxy */ = {
			isa = PBXContainerItemProxy;
			containerPortal = 9A0C588A1B80D2E100B0CB62 /* Project object */;
			proxyType = 1;
			remoteGlobalIDString = 9A0C58911B80D2E100B0CB62;
			remoteInfo = LabelDemo;
		};
/* End PBXContainerItemProxy section */

/* Begin PBXFileReference section */
		9A0C58921B80D2E100B0CB62 /* LabelDemo.app */ = {isa = PBXFileReference; explicitFileType = wrapper.application; includeInIndex = 0; path = LabelDemo.app; sourceTree = BUILT_PRODUCTS_DIR; };
		9A0C58961B80D2E100B0CB62 /* Info.plist */ = {isa = PBXFileReference; lastKnownFileType = text.plist.xml; path = Info.plist; sourceTree = "<group>"; };
		9A0C58971B80D2E100B0CB62 /* AppDelegate.swift */ = {isa = PBXFileReference; lastKnownFileType = sourcecode.swift; path = AppDelegate.swift; sourceTree = "<group>"; };
		9A0C58991B80D2E100B0CB62 /* ViewController.swift */ = {isa = PBXFileReference; lastKnownFileType = sourcecode.swift; path = ViewController.swift; sourceTree = "<group>"; };
		9A0C589C1B80D2E100B0CB62 /* Base */ = {isa = PBXFileReference; lastKnownFileType = file.storyboard; name = Base; path = Base.lproj/Main.storyboard; sourceTree = "<group>"; };
		9A0C589E1B80D2E100B0CB62 /* Images.xcassets */ = {isa = PBXFileReference; lastKnownFileType = folder.assetcatalog; path = Images.xcassets; sourceTree = "<group>"; };
		9A0C58A11B80D2E100B0CB62 /* Base */ = {isa = PBXFileReference; lastKnownFileType = file.xib; name = Base; path = Base.lproj/LaunchScreen.xib; sourceTree = "<group>"; };
		9A0C58A71B80D2E100B0CB62 /* LabelDemoTests.xctest */ = {isa = PBXFileReference; explicitFileType = wrapper.cfbundle; includeInIndex = 0; path = LabelDemoTests.xctest; sourceTree = BUILT_PRODUCTS_DIR; };
		9A0C58AC1B80D2E100B0CB62 /* Info.plist */ = {isa = PBXFileReference; lastKnownFileType = text.plist.xml; path = Info.plist; sourceTree = "<group>"; };
		9A0C58AD1B80D2E100B0CB62 /* LabelDemoTests.swift */ = {isa = PBXFileReference; lastKnownFileType = sourcecode.swift; path = LabelDemoTests.swift; sourceTree = "<group>"; };
/* End PBXFileReference section */

/* Begin PBXFrameworksBuildPhase section */
		9A0C588F1B80D2E100B0CB62 /* Frameworks */ = {
			isa = PBXFrameworksBuildPhase;
			buildActionMask = 2147483647;
			files = (
			);
			runOnlyForDeploymentPostprocessing = 0;
		};
		9A0C58A41B80D2E100B0CB62 /* Frameworks */ = {
			isa = PBXFrameworksBuildPhase;
			buildActionMask = 2147483647;
			files = (
			);
			runOnlyForDeploymentPostprocessing = 0;
		};
/* End PBXFrameworksBuildPhase section */

/* Begin PBXGroup section */
		9A0C58891B80D2E100B0CB62 = {
			isa = PBXGroup;
			children = (
				9A0C58941B80D2E100B0CB62 /* LabelDemo */,
				9A0C58AA1B80D2E100B0CB62 /* LabelDemoTests */,
				9A0C58931B80D2E100B0CB62 /* Products */,
			);
			sourceTree = "<group>";
		};
		9A0C58931B80D2E100B0CB62 /* Products */ = {
			isa = PBXGroup;
			children = (
				9A0C58921B80D2E100B0CB62 /* LabelDemo.app */,
				9A0C58A71B80D2E100B0CB62 /* LabelDemoTests.xctest */,
			);
			name = Products;
			sourceTree = "<group>";
		};
		9A0C58941B80D2E100B0CB62 /* LabelDemo */ = {
			isa = PBXGroup;
			children = (
				9A0C58971B80D2E100B0CB62 /* AppDelegate.swift */,
				9A0C58991B80D2E100B0CB62 /* ViewController.swift */,
				9A0C589B1B80D2E100B0CB62 /* Main.storyboard */,
				9A0C589E1B80D2E100B0CB62 /* Images.xcassets */,
				9A0C58A01B80D2E100B0CB62 /* LaunchScreen.xib */,
				9A0C58951B80D2E100B0CB62 /* Supporting Files */,
			);
			path = LabelDemo;
			sourceTree = "<group>";
		};
		9A0C58951B80D2E100B0CB62 /* Supporting Files */ = {
			isa = PBXGroup;
			children = (
				9A0C58961B80D2E100B0CB62 /* Info.plist */,
			);
			name = "Supporting Files";
			sourceTree = "<group>";
		};
		9A0C58AA1B80D2E100B0CB62 /* LabelDemoTests */ = {
			isa = PBXGroup;
			children = (
				9A0C58AD1B80D2E100B0CB62 /* LabelDemoTests.swift */,
				9A0C58AB1B80D2E100B0CB62 /* Supporting Files */,
			);
			path = LabelDemoTests;
			sourceTree = "<group>";
		};
		9A0C58AB1B80D2E100B0CB62 /* Supporting Files */ = {
			isa = PBXGroup;
			children = (
				9A0C58AC1B80D2E100B0CB62 /* Info.plist */,
			);
			name = "Supporting Files";
			sourceTree = "<group>";
		};
/* End PBXGroup section */

/* Begin PBXNativeTarget section */
		9A0C58911B80D2E100B0CB62 /* LabelDemo */ = {
			isa = PBXNativeTarget;
			buildConfigurationList = 9A0C58B11B80D2E100B0CB62 /* Build configuration list for PBXNativeTarget "LabelDemo" */;
			buildPhases = (
				9A0C588E1B80D2E100B0CB62 /* Sources */,
				9A0C588F1B80D2E100B0CB62 /* Frameworks */,
				9A0C58901B80D2E100B0CB62 /* Resources */,
			);
			buildRules = (
			);
			dependencies = (
			);
			name = LabelDemo;
			productName = LabelDemo;
			productReference = 9A0C58921B80D2E100B0CB62 /* LabelDemo.app */;
			productType = "com.apple.product-type.application";
		};
		9A0C58A61B80D2E100B0CB62 /* LabelDemoTests */ = {
			isa = PBXNativeTarget;
			buildConfigurationList = 9A0C58B41B80D2E100B0CB62 /* Build configuration list for PBXNativeTarget "LabelDemoTests" */;
			buildPhases = (
				9A0C58A31B80D2E100B0CB62 /* Sources */,
				9A0C58A41B80D2E100B0CB62 /* Frameworks */,
				9A0C58A51B80D2E100B0CB62 /* Resources */,
			);
			buildRules = (
			);
			dependencies = (
				9A0C58A91B80D2E100B0CB62 /* PBXTargetDependency */,
			);
			name = LabelDemoTests;
			productName = LabelDemoTests;
			productReference = 9A0C58A71B80D2E100B0CB62 /* LabelDemoTests.xctest */;
			productType = "com.apple.product-type.bundle.unit-test";
		};
/* End PBXNativeTarget section */

/* Begin PBXProject section */
		9A0C588A1B80D2E100B0CB62 /* Project object */ = {
			isa = PBXProject;
			attributes = {
				LastSwiftUpdateCheck = 0730;
				LastUpgradeCheck = 0630;
				ORGANIZATIONNAME = yogayu.github.io;
				TargetAttributes = {
					9A0C58911B80D2E100B0CB62 = {
						CreatedOnToolsVersion = 6.3.1;
					};
					9A0C58A61B80D2E100B0CB62 = {
						CreatedOnToolsVersion = 6.3.1;
						TestTargetID = 9A0C58911B80D2E100B0CB62;
					};
				};
			};
			buildConfigurationList = 9A0C588D1B80D2E100B0CB62 /* Build configuration list for PBXProject "LabelDemo" */;
			compatibilityVersion = "Xcode 3.2";
			developmentRegion = English;
			hasScannedForEncodings = 0;
			knownRegions = (
				en,
				Base,
			);
			mainGroup = 9A0C58891B80D2E100B0CB62;
			productRefGroup = 9A0C58931B80D2E100B0CB62 /* Products */;
			projectDirPath = "";
			projectRoot = "";
			targets = (
				9A0C58911B80D2E100B0CB62 /* LabelDemo */,
				9A0C58A61B80D2E100B0CB62 /* LabelDemoTests */,
			);
		};
/* End PBXProject section */

/* Begin PBXResourcesBuildPhase section */
		9A0C58901B80D2E100B0CB62 /* Resources */ = {
			isa = PBXResourcesBuildPhase;
			buildActionMask = 2147483647;
			files = (
				9A0C589D1B80D2E100B0CB62 /* Main.storyboard in Resources */,
				9A0C58A21B80D2E100B0CB62 /* LaunchScreen.xib in Resources */,
				9A0C589F1B80D2E100B0CB62 /* Images.xcassets in Resources */,
			);
			runOnlyForDeploymentPostprocessing = 0;
		};
		9A0C58A51B80D2E100B0CB62 /* Resources */ = {
			isa = PBXResourcesBuildPhase;
			buildActionMask = 2147483647;
			files = (
			);
			runOnlyForDeploymentPostprocessing = 0;
		};
/* End PBXResourcesBuildPhase section */

/* Begin PBXSourcesBuildPhase section */
		9A0C588E1B80D2E100B0CB62 /* Sources */ = {
			isa = PBXSourcesBuildPhase;
			buildActionMask = 2147483647;
			files = (
				9A0C589A1B80D2E100B0CB62 /* ViewController.swift in Sources */,
				9A0C58981B80D2E100B0CB62 /* AppDelegate.swift in Sources */,
			);
			runOnlyForDeploymentPostprocessing = 0;
		};
		9A0C58A31B80D2E100B0CB62 /* Sources */ = {
			isa = PBXSourcesBuildPhase;
			buildActionMask = 2147483647;
			files = (
				9A0C58AE1B80D2E100B0CB62 /* LabelDemoTests.swift in Sources */,
			);
			runOnlyForDeploymentPostprocessing = 0;
		};
/* End PBXSourcesBuildPhase section */

/* Begin PBXTargetDependency section */
		9A0C58A91B80D2E100B0CB62 /* PBXTargetDependency */ = {
			isa = PBXTargetDependency;
			target = 9A0C58911B80D2E100B0CB62 /* LabelDemo */;
			targetProxy = 9A0C58A81B80D2E100B0CB62 /* PBXContainerItemProxy */;
		};
/* End PBXTargetDependency section */

/* Begin PBXVariantGroup section */
		9A0C589B1B80D2E100B0CB62 /* Main.storyboard */ = {
			isa = PBXVariantGroup;
			children = (
				9A0C589C1B80D2E100B0CB62 /* Base */,
			);
			name = Main.storyboard;
			sourceTree = "<group>";
		};
		9A0C58A01B80D2E100B0CB62 /* LaunchScreen.xib */ = {
			isa = PBXVariantGroup;
			children = (
				9A0C58A11B80D2E100B0CB62 /* Base */,
			);
			name = LaunchScreen.xib;
			sourceTree = "<group>";
		};
/* End PBXVariantGroup section */

/* Begin XCBuildConfiguration section */
		9A0C58AF1B80D2E100B0CB62 /* Debug */ = {
			isa = XCBuildConfiguration;
			buildSettings = {
				ALWAYS_SEARCH_USER_PATHS = NO;
				CLANG_CXX_LANGUAGE_STANDARD = "gnu++0x";
				CLANG_CXX_LIBRARY = "libc++";
				CLANG_ENABLE_MODULES = YES;
				CLANG_ENABLE_OBJC_ARC = YES;
				CLANG_WARN_BOOL_CONVERSION = YES;
				CLANG_WARN_CONSTANT_CONVERSION = YES;
				CLANG_WARN_DIRECT_OBJC_ISA_USAGE = YES_ERROR;
				CLANG_WARN_EMPTY_BODY = YES;
				CLANG_WARN_ENUM_CONVERSION = YES;
				CLANG_WARN_INT_CONVERSION = YES;
				CLANG_WARN_OBJC_ROOT_CLASS = YES_ERROR;
				CLANG_WARN_UNREACHABLE_CODE = YES;
				CLANG_WARN__DUPLICATE_METHOD_MATCH = YES;
				"CODE_SIGN_IDENTITY[sdk=iphoneos*]" = "iPhone Developer";
				COPY_PHASE_STRIP = NO;
				DEBUG_INFORMATION_FORMAT = "dwarf-with-dsym";
				ENABLE_STRICT_OBJC_MSGSEND = YES;
				GCC_C_LANGUAGE_STANDARD = gnu99;
				GCC_DYNAMIC_NO_PIC = NO;
				GCC_NO_COMMON_BLOCKS = YES;
				GCC_OPTIMIZATION_LEVEL = 0;
				GCC_PREPROCESSOR_DEFINITIONS = (
					"DEBUG=1",
					"$(inherited)",
				);
				GCC_SYMBOLS_PRIVATE_EXTERN = NO;
				GCC_WARN_64_TO_32_BIT_CONVERSION = YES;
				GCC_WARN_ABOUT_RETURN_TYPE = YES_ERROR;
				GCC_WARN_UNDECLARED_SELECTOR = YES;
				GCC_WARN_UNINITIALIZED_AUTOS = YES_AGGRESSIVE;
				GCC_WARN_UNUSED_FUNCTION = YES;
				GCC_WARN_UNUSED_VARIABLE = YES;
				IPHONEOS_DEPLOYMENT_TARGET = 8.3;
				MTL_ENABLE_DEBUG_INFO = YES;
				ONLY_ACTIVE_ARCH = YES;
				SDKROOT = iphoneos;
				SWIFT_OPTIMIZATION_LEVEL = "-Onone";
				TARGETED_DEVICE_FAMILY = "1,2";
			};
			name = Debug;
		};
		9A0C58B01B80D2E100B0CB62 /* Release */ = {
			isa = XCBuildConfiguration;
			buildSettings = {
				ALWAYS_SEARCH_USER_PATHS = NO;
				CLANG_CXX_LANGUAGE_STANDARD = "gnu++0x";
				CLANG_CXX_LIBRARY = "libc++";
				CLANG_ENABLE_MODULES = YES;
				CLANG_ENABLE_OBJC_ARC = YES;
				CLANG_WARN_BOOL_CONVERSION = YES;
				CLANG_WARN_CONSTANT_CONVERSION = YES;
				CLANG_WARN_DIRECT_OBJC_ISA_USAGE = YES_ERROR;
				CLANG_WARN_EMPTY_BODY = YES;
				CLANG_WARN_ENUM_CONVERSION = YES;
				CLANG_WARN_INT_CONVERSION = YES;
				CLANG_WARN_OBJC_ROOT_CLASS = YES_ERROR;
				CLANG_WARN_UNREACHABLE_CODE = YES;
				CLANG_WARN__DUPLICATE_METHOD_MATCH = YES;
				"CODE_SIGN_IDENTITY[sdk=iphoneos*]" = "iPhone Developer";
				COPY_PHASE_STRIP = NO;
				DEBUG_INFORMATION_FORMAT = "dwarf-with-dsym";
				ENABLE_NS_ASSERTIONS = NO;
				ENABLE_STRICT_OBJC_MSGSEND = YES;
				GCC_C_LANGUAGE_STANDARD = gnu99;
				GCC_NO_COMMON_BLOCKS = YES;
				GCC_WARN_64_TO_32_BIT_CONVERSION = YES;
				GCC_WARN_ABOUT_RETURN_TYPE = YES_ERROR;
				GCC_WARN_UNDECLARED_SELECTOR = YES;
				GCC_WARN_UNINITIALIZED_AUTOS = YES_AGGRESSIVE;
				GCC_WARN_UNUSED_FUNCTION = YES;
				GCC_WARN_UNUSED_VARIABLE = YES;
				IPHONEOS_DEPLOYMENT_TARGET = 8.3;
				MTL_ENABLE_DEBUG_INFO = NO;
				SDKROOT = iphoneos;
				TARGETED_DEVICE_FAMILY = "1,2";
				VALIDATE_PRODUCT = YES;
			};
			name = Release;
		};
		9A0C58B21B80D2E100B0CB62 /* Debug */ = {
			isa = XCBuildConfiguration;
			buildSettings = {
				ASSETCATALOG_COMPILER_APPICON_NAME = AppIcon;
				INFOPLIST_FILE = LabelDemo/Info.plist;
				LD_RUNPATH_SEARCH_PATHS = "$(inherited) @executable_path/Frameworks";
				PRODUCT_NAME = "$(TARGET_NAME)";
			};
			name = Debug;
		};
		9A0C58B31B80D2E100B0CB62 /* Release */ = {
			isa = XCBuildConfiguration;
			buildSettings = {
				ASSETCATALOG_COMPILER_APPICON_NAME = AppIcon;
				INFOPLIST_FILE = LabelDemo/Info.plist;
				LD_RUNPATH_SEARCH_PATHS = "$(inherited) @executable_path/Frameworks";
				PRODUCT_NAME = "$(TARGET_NAME)";
			};
			name = Release;
		};
		9A0C58B51B80D2E100B0CB62 /* Debug */ = {
			isa = XCBuildConfiguration;
			buildSettings = {
				BUNDLE_LOADER = "$(TEST_HOST)";
				FRAMEWORK_SEARCH_PATHS = (
					"$(SDKROOT)/Developer/Library/Frameworks",
					"$(inherited)",
				);
				GCC_PREPROCESSOR_DEFINITIONS = (
					"DEBUG=1",
					"$(inherited)",
				);
				INFOPLIST_FILE = LabelDemoTests/Info.plist;
				LD_RUNPATH_SEARCH_PATHS = "$(inherited) @executable_path/Frameworks @loader_path/Frameworks";
				PRODUCT_NAME = "$(TARGET_NAME)";
				TEST_HOST = "$(BUILT_PRODUCTS_DIR)/LabelDemo.app/LabelDemo";
			};
			name = Debug;
		};
		9A0C58B61B80D2E100B0CB62 /* Release */ = {
			isa = XCBuildConfiguration;
			buildSettings = {
				BUNDLE_LOADER = "$(TEST_HOST)";
				FRAMEWORK_SEARCH_PATHS = (
					"$(SDKROOT)/Developer/Library/Frameworks",
					"$(inherited)",
				);
				INFOPLIST_FILE = LabelDemoTests/Info.plist;
				LD_RUNPATH_SEARCH_PATHS = "$(inherited) @executable_path/Frameworks @loader_path/Frameworks";
				PRODUCT_NAME = "$(TARGET_NAME)";
				TEST_HOST = "$(BUILT_PRODUCTS_DIR)/LabelDemo.app/LabelDemo";
			};
			name = Release;
		};
/* End XCBuildConfiguration section */

/* Begin XCConfigurationList section */
		9A0C588D1B80D2E100B0CB62 /* Build configuration list for PBXProject "LabelDemo" */ = {
			isa = XCConfigurationList;
			buildConfigurations = (
				9A0C58AF1B80D2E100B0CB62 /* Debug */,
				9A0C58B01B80D2E100B0CB62 /* Release */,
			);
			defaultConfigurationIsVisible = 0;
			defaultConfigurationName = Release;
		};
		9A0C58B11B80D2E100B0CB62 /* Build configuration list for PBXNativeTarget "LabelDemo" */ = {
			isa = XCConfigurationList;
			buildConfigurations = (
				9A0C58B21B80D2E100B0CB62 /* Debug */,
				9A0C58B31B80D2E100B0CB62 /* Release */,
			);
			defaultConfigurationIsVisible = 0;
			defaultConfigurationName = Release;
		};
		9A0C58B41B80D2E100B0CB62 /* Build configuration list for PBXNativeTarget "LabelDemoTests" */ = {
			isa = XCConfigurationList;
			buildConfigurations = (
				9A0C58B51B80D2E100B0CB62 /* Debug */,
				9A0C58B61B80D2E100B0CB62 /* Release */,
			);
			defaultConfigurationIsVisible = 0;
			defaultConfigurationName = Release;
		};
/* End XCConfigurationList section */
	};
	rootObject = 9A0C588A1B80D2E100B0CB62 /* Project object */;
}
