// !$*UTF8*$!
{
	archiveVersion = 1;
	classes = {
	};
	objectVersion = 46;
	objects = {

/* Begin PBXBuildFile section */
		9AB286171B84B04700CF659D /* AppDelegate.swift in Sources */ = {isa = PBXBuildFile; fileRef = 9AB286161B84B04700CF659D /* AppDelegate.swift */; };
		9AB286191B84B04700CF659D /* ViewController.swift in Sources */ = {isa = PBXBuildFile; fileRef = 9AB286181B84B04700CF659D /* ViewController.swift */; };
		9AB2861C1B84B04700CF659D /* Main.storyboard in Resources */ = {isa = PBXBuildFile; fileRef = 9AB2861A1B84B04700CF659D /* Main.storyboard */; };
		9AB2861E1B84B04700CF659D /* Images.xcassets in Resources */ = {isa = PBXBuildFile; fileRef = 9AB2861D1B84B04700CF659D /* Images.xcassets */; };
		9AB286211B84B04700CF659D /* LaunchScreen.xib in Resources */ = {isa = PBXBuildFile; fileRef = 9AB2861F1B84B04700CF659D /* LaunchScreen.xib */; };
		9AB2862D1B84B04700CF659D /* NavBarDemoTests.swift in Sources */ = {isa = PBXBuildFile; fileRef = 9AB2862C1B84B04700CF659D /* NavBarDemoTests.swift */; };
/* End PBXBuildFile section */

/* Begin PBXContainerItemProxy section */
		9AB286271B84B04700CF659D /* PBXContainerItemProxy */ = {
			isa = PBXContainerItemProxy;
			containerPortal = 9AB286091B84B04700CF659D /* Project object */;
			proxyType = 1;
			remoteGlobalIDString = 9AB286101B84B04700CF659D;
			remoteInfo = NavBarDemo;
		};
/* End PBXContainerItemProxy section */

/* Begin PBXFileReference section */
		9AB286111B84B04700CF659D /* NavBarDemo.app */ = {isa = PBXFileReference; explicitFileType = wrapper.application; includeInIndex = 0; path = NavBarDemo.app; sourceTree = BUILT_PRODUCTS_DIR; };
		9AB286151B84B04700CF659D /* Info.plist */ = {isa = PBXFileReference; lastKnownFileType = text.plist.xml; path = Info.plist; sourceTree = "<group>"; };
		9AB286161B84B04700CF659D /* AppDelegate.swift */ = {isa = PBXFileReference; lastKnownFileType = sourcecode.swift; path = AppDelegate.swift; sourceTree = "<group>"; };
		9AB286181B84B04700CF659D /* ViewController.swift */ = {isa = PBXFileReference; lastKnownFileType = sourcecode.swift; path = ViewController.swift; sourceTree = "<group>"; };
		9AB2861B1B84B04700CF659D /* Base */ = {isa = PBXFileReference; lastKnownFileType = file.storyboard; name = Base; path = Base.lproj/Main.storyboard; sourceTree = "<group>"; };
		9AB2861D1B84B04700CF659D /* Images.xcassets */ = {isa = PBXFileReference; lastKnownFileType = folder.assetcatalog; path = Images.xcassets; sourceTree = "<group>"; };
		9AB286201B84B04700CF659D /* Base */ = {isa = PBXFileReference; lastKnownFileType = file.xib; name = Base; path = Base.lproj/LaunchScreen.xib; sourceTree = "<group>"; };
		9AB286261B84B04700CF659D /* NavBarDemoTests.xctest */ = {isa = PBXFileReference; explicitFileType = wrapper.cfbundle; includeInIndex = 0; path = NavBarDemoTests.xctest; sourceTree = BUILT_PRODUCTS_DIR; };
		9AB2862B1B84B04700CF659D /* Info.plist */ = {isa = PBXFileReference; lastKnownFileType = text.plist.xml; path = Info.plist; sourceTree = "<group>"; };
		9AB2862C1B84B04700CF659D /* NavBarDemoTests.swift */ = {isa = PBXFileReference; lastKnownFileType = sourcecode.swift; path = NavBarDemoTests.swift; sourceTree = "<group>"; };
/* End PBXFileReference section */

/* Begin PBXFrameworksBuildPhase section */
		9AB2860E1B84B04700CF659D /* Frameworks */ = {
			isa = PBXFrameworksBuildPhase;
			buildActionMask = 2147483647;
			files = (
			);
			runOnlyForDeploymentPostprocessing = 0;
		};
		9AB286231B84B04700CF659D /* Frameworks */ = {
			isa = PBXFrameworksBuildPhase;
			buildActionMask = 2147483647;
			files = (
			);
			runOnlyForDeploymentPostprocessing = 0;
		};
/* End PBXFrameworksBuildPhase section */

/* Begin PBXGroup section */
		9AB286081B84B04700CF659D = {
			isa = PBXGroup;
			children = (
				9AB286131B84B04700CF659D /* NavBarDemo */,
				9AB286291B84B04700CF659D /* NavBarDemoTests */,
				9AB286121B84B04700CF659D /* Products */,
			);
			sourceTree = "<group>";
		};
		9AB286121B84B04700CF659D /* Products */ = {
			isa = PBXGroup;
			children = (
				9AB286111B84B04700CF659D /* NavBarDemo.app */,
				9AB286261B84B04700CF659D /* NavBarDemoTests.xctest */,
			);
			name = Products;
			sourceTree = "<group>";
		};
		9AB286131B84B04700CF659D /* NavBarDemo */ = {
			isa = PBXGroup;
			children = (
				9AB286161B84B04700CF659D /* AppDelegate.swift */,
				9AB286181B84B04700CF659D /* ViewController.swift */,
				9AB2861A1B84B04700CF659D /* Main.storyboard */,
				9AB2861D1B84B04700CF659D /* Images.xcassets */,
				9AB2861F1B84B04700CF659D /* LaunchScreen.xib */,
				9AB286141B84B04700CF659D /* Supporting Files */,
			);
			path = NavBarDemo;
			sourceTree = "<group>";
		};
		9AB286141B84B04700CF659D /* Supporting Files */ = {
			isa = PBXGroup;
			children = (
				9AB286151B84B04700CF659D /* Info.plist */,
			);
			name = "Supporting Files";
			sourceTree = "<group>";
		};
		9AB286291B84B04700CF659D /* NavBarDemoTests */ = {
			isa = PBXGroup;
			children = (
				9AB2862C1B84B04700CF659D /* NavBarDemoTests.swift */,
				9AB2862A1B84B04700CF659D /* Supporting Files */,
			);
			path = NavBarDemoTests;
			sourceTree = "<group>";
		};
		9AB2862A1B84B04700CF659D /* Supporting Files */ = {
			isa = PBXGroup;
			children = (
				9AB2862B1B84B04700CF659D /* Info.plist */,
			);
			name = "Supporting Files";
			sourceTree = "<group>";
		};
/* End PBXGroup section */

/* Begin PBXNativeTarget section */
		9AB286101B84B04700CF659D /* NavBarDemo */ = {
			isa = PBXNativeTarget;
			buildConfigurationList = 9AB286301B84B04700CF659D /* Build configuration list for PBXNativeTarget "NavBarDemo" */;
			buildPhases = (
				9AB2860D1B84B04700CF659D /* Sources */,
				9AB2860E1B84B04700CF659D /* Frameworks */,
				9AB2860F1B84B04700CF659D /* Resources */,
			);
			buildRules = (
			);
			dependencies = (
			);
			name = NavBarDemo;
			productName = NavBarDemo;
			productReference = 9AB286111B84B04700CF659D /* NavBarDemo.app */;
			productType = "com.apple.product-type.application";
		};
		9AB286251B84B04700CF659D /* NavBarDemoTests */ = {
			isa = PBXNativeTarget;
			buildConfigurationList = 9AB286331B84B04700CF659D /* Build configuration list for PBXNativeTarget "NavBarDemoTests" */;
			buildPhases = (
				9AB286221B84B04700CF659D /* Sources */,
				9AB286231B84B04700CF659D /* Frameworks */,
				9AB286241B84B04700CF659D /* Resources */,
			);
			buildRules = (
			);
			dependencies = (
				9AB286281B84B04700CF659D /* PBXTargetDependency */,
			);
			name = NavBarDemoTests;
			productName = NavBarDemoTests;
			productReference = 9AB286261B84B04700CF659D /* NavBarDemoTests.xctest */;
			productType = "com.apple.product-type.bundle.unit-test";
		};
/* End PBXNativeTarget section */

/* Begin PBXProject section */
		9AB286091B84B04700CF659D /* Project object */ = {
			isa = PBXProject;
			attributes = {
				LastUpgradeCheck = 0630;
				ORGANIZATIONNAME = yogayu.github.io;
				TargetAttributes = {
					9AB286101B84B04700CF659D = {
						CreatedOnToolsVersion = 6.3.1;
					};
					9AB286251B84B04700CF659D = {
						CreatedOnToolsVersion = 6.3.1;
						TestTargetID = 9AB286101B84B04700CF659D;
					};
				};
			};
			buildConfigurationList = 9AB2860C1B84B04700CF659D /* Build configuration list for PBXProject "NavBarDemo" */;
			compatibilityVersion = "Xcode 3.2";
			developmentRegion = English;
			hasScannedForEncodings = 0;
			knownRegions = (
				en,
				Base,
			);
			mainGroup = 9AB286081B84B04700CF659D;
			productRefGroup = 9AB286121B84B04700CF659D /* Products */;
			projectDirPath = "";
			projectRoot = "";
			targets = (
				9AB286101B84B04700CF659D /* NavBarDemo */,
				9AB286251B84B04700CF659D /* NavBarDemoTests */,
			);
		};
/* End PBXProject section */

/* Begin PBXResourcesBuildPhase section */
		9AB2860F1B84B04700CF659D /* Resources */ = {
			isa = PBXResourcesBuildPhase;
			buildActionMask = 2147483647;
			files = (
				9AB2861C1B84B04700CF659D /* Main.storyboard in Resources */,
				9AB286211B84B04700CF659D /* LaunchScreen.xib in Resources */,
				9AB2861E1B84B04700CF659D /* Images.xcassets in Resources */,
			);
			runOnlyForDeploymentPostprocessing = 0;
		};
		9AB286241B84B04700CF659D /* Resources */ = {
			isa = PBXResourcesBuildPhase;
			buildActionMask = 2147483647;
			files = (
			);
			runOnlyForDeploymentPostprocessing = 0;
		};
/* End PBXResourcesBuildPhase section */

/* Begin PBXSourcesBuildPhase section */
		9AB2860D1B84B04700CF659D /* Sources */ = {
			isa = PBXSourcesBuildPhase;
			buildActionMask = 2147483647;
			files = (
				9AB286191B84B04700CF659D /* ViewController.swift in Sources */,
				9AB286171B84B04700CF659D /* AppDelegate.swift in Sources */,
			);
			runOnlyForDeploymentPostprocessing = 0;
		};
		9AB286221B84B04700CF659D /* Sources */ = {
			isa = PBXSourcesBuildPhase;
			buildActionMask = 2147483647;
			files = (
				9AB2862D1B84B04700CF659D /* NavBarDemoTests.swift in Sources */,
			);
			runOnlyForDeploymentPostprocessing = 0;
		};
/* End PBXSourcesBuildPhase section */

/* Begin PBXTargetDependency section */
		9AB286281B84B04700CF659D /* PBXTargetDependency */ = {
			isa = PBXTargetDependency;
			target = 9AB286101B84B04700CF659D /* NavBarDemo */;
			targetProxy = 9AB286271B84B04700CF659D /* PBXContainerItemProxy */;
		};
/* End PBXTargetDependency section */

/* Begin PBXVariantGroup section */
		9AB2861A1B84B04700CF659D /* Main.storyboard */ = {
			isa = PBXVariantGroup;
			children = (
				9AB2861B1B84B04700CF659D /* Base */,
			);
			name = Main.storyboard;
			sourceTree = "<group>";
		};
		9AB2861F1B84B04700CF659D /* LaunchScreen.xib */ = {
			isa = PBXVariantGroup;
			children = (
				9AB286201B84B04700CF659D /* Base */,
			);
			name = LaunchScreen.xib;
			sourceTree = "<group>";
		};
/* End PBXVariantGroup section */

/* Begin XCBuildConfiguration section */
		9AB2862E1B84B04700CF659D /* Debug */ = {
			isa = XCBuildConfiguration;
			buildSettings = {
				ALWAYS_SEARCH_USER_PATHS = NO;
				CLANG_CXX_LANGUAGE_STANDARD = "gnu++0x";
				CLANG_CXX_LIBRARY = "libc++";
				CLANG_ENABLE_MODULES = YES;
				CLANG_ENABLE_OBJC_ARC = YES;
				CLANG_WARN_BOOL_CONVERSION = YES;
				CLANG_WARN_CONSTANT_CONVERSION = YES;
				CLANG_WARN_DIRECT_OBJC_ISA_USAGE = YES_ERROR;
				CLANG_WARN_EMPTY_BODY = YES;
				CLANG_WARN_ENUM_CONVERSION = YES;
				CLANG_WARN_INT_CONVERSION = YES;
				CLANG_WARN_OBJC_ROOT_CLASS = YES_ERROR;
				CLANG_WARN_UNREACHABLE_CODE = YES;
				CLANG_WARN__DUPLICATE_METHOD_MATCH = YES;
				"CODE_SIGN_IDENTITY[sdk=iphoneos*]" = "iPhone Developer";
				COPY_PHASE_STRIP = NO;
				DEBUG_INFORMATION_FORMAT = "dwarf-with-dsym";
				ENABLE_STRICT_OBJC_MSGSEND = YES;
				GCC_C_LANGUAGE_STANDARD = gnu99;
				GCC_DYNAMIC_NO_PIC = NO;
				GCC_NO_COMMON_BLOCKS = YES;
				GCC_OPTIMIZATION_LEVEL = 0;
				GCC_PREPROCESSOR_DEFINITIONS = (
					"DEBUG=1",
					"$(inherited)",
				);
				GCC_SYMBOLS_PRIVATE_EXTERN = NO;
				GCC_WARN_64_TO_32_BIT_CONVERSION = YES;
				GCC_WARN_ABOUT_RETURN_TYPE = YES_ERROR;
				GCC_WARN_UNDECLARED_SELECTOR = YES;
				GCC_WARN_UNINITIALIZED_AUTOS = YES_AGGRESSIVE;
				GCC_WARN_UNUSED_FUNCTION = YES;
				GCC_WARN_UNUSED_VARIABLE = YES;
				IPHONEOS_DEPLOYMENT_TARGET = 8.3;
				MTL_ENABLE_DEBUG_INFO = YES;
				ONLY_ACTIVE_ARCH = YES;
				SDKROOT = iphoneos;
				SWIFT_OPTIMIZATION_LEVEL = "-Onone";
				TARGETED_DEVICE_FAMILY = "1,2";
			};
			name = Debug;
		};
		9AB2862F1B84B04700CF659D /* Release */ = {
			isa = XCBuildConfiguration;
			buildSettings = {
				ALWAYS_SEARCH_USER_PATHS = NO;
				CLANG_CXX_LANGUAGE_STANDARD = "gnu++0x";
				CLANG_CXX_LIBRARY = "libc++";
				CLANG_ENABLE_MODULES = YES;
				CLANG_ENABLE_OBJC_ARC = YES;
				CLANG_WARN_BOOL_CONVERSION = YES;
				CLANG_WARN_CONSTANT_CONVERSION = YES;
				CLANG_WARN_DIRECT_OBJC_ISA_USAGE = YES_ERROR;
				CLANG_WARN_EMPTY_BODY = YES;
				CLANG_WARN_ENUM_CONVERSION = YES;
				CLANG_WARN_INT_CONVERSION = YES;
				CLANG_WARN_OBJC_ROOT_CLASS = YES_ERROR;
				CLANG_WARN_UNREACHABLE_CODE = YES;
				CLANG_WARN__DUPLICATE_METHOD_MATCH = YES;
				"CODE_SIGN_IDENTITY[sdk=iphoneos*]" = "iPhone Developer";
				COPY_PHASE_STRIP = NO;
				DEBUG_INFORMATION_FORMAT = "dwarf-with-dsym";
				ENABLE_NS_ASSERTIONS = NO;
				ENABLE_STRICT_OBJC_MSGSEND = YES;
				GCC_C_LANGUAGE_STANDARD = gnu99;
				GCC_NO_COMMON_BLOCKS = YES;
				GCC_WARN_64_TO_32_BIT_CONVERSION = YES;
				GCC_WARN_ABOUT_RETURN_TYPE = YES_ERROR;
				GCC_WARN_UNDECLARED_SELECTOR = YES;
				GCC_WARN_UNINITIALIZED_AUTOS = YES_AGGRESSIVE;
				GCC_WARN_UNUSED_FUNCTION = YES;
				GCC_WARN_UNUSED_VARIABLE = YES;
				IPHONEOS_DEPLOYMENT_TARGET = 8.3;
				MTL_ENABLE_DEBUG_INFO = NO;
				SDKROOT = iphoneos;
				TARGETED_DEVICE_FAMILY = "1,2";
				VALIDATE_PRODUCT = YES;
			};
			name = Release;
		};
		9AB286311B84B04700CF659D /* Debug */ = {
			isa = XCBuildConfiguration;
			buildSettings = {
				ASSETCATALOG_COMPILER_APPICON_NAME = AppIcon;
				INFOPLIST_FILE = NavBarDemo/Info.plist;
				LD_RUNPATH_SEARCH_PATHS = "$(inherited) @executable_path/Frameworks";
				PRODUCT_NAME = "$(TARGET_NAME)";
			};
			name = Debug;
		};
		9AB286321B84B04700CF659D /* Release */ = {
			isa = XCBuildConfiguration;
			buildSettings = {
				ASSETCATALOG_COMPILER_APPICON_NAME = AppIcon;
				INFOPLIST_FILE = NavBarDemo/Info.plist;
				LD_RUNPATH_SEARCH_PATHS = "$(inherited) @executable_path/Frameworks";
				PRODUCT_NAME = "$(TARGET_NAME)";
			};
			name = Release;
		};
		9AB286341B84B04700CF659D /* Debug */ = {
			isa = XCBuildConfiguration;
			buildSettings = {
				BUNDLE_LOADER = "$(TEST_HOST)";
				FRAMEWORK_SEARCH_PATHS = (
					"$(SDKROOT)/Developer/Library/Frameworks",
					"$(inherited)",
				);
				GCC_PREPROCESSOR_DEFINITIONS = (
					"DEBUG=1",
					"$(inherited)",
				);
				INFOPLIST_FILE = NavBarDemoTests/Info.plist;
				LD_RUNPATH_SEARCH_PATHS = "$(inherited) @executable_path/Frameworks @loader_path/Frameworks";
				PRODUCT_NAME = "$(TARGET_NAME)";
				TEST_HOST = "$(BUILT_PRODUCTS_DIR)/NavBarDemo.app/NavBarDemo";
			};
			name = Debug;
		};
		9AB286351B84B04700CF659D /* Release */ = {
			isa = XCBuildConfiguration;
			buildSettings = {
				BUNDLE_LOADER = "$(TEST_HOST)";
				FRAMEWORK_SEARCH_PATHS = (
					"$(SDKROOT)/Developer/Library/Frameworks",
					"$(inherited)",
				);
				INFOPLIST_FILE = NavBarDemoTests/Info.plist;
				LD_RUNPATH_SEARCH_PATHS = "$(inherited) @executable_path/Frameworks @loader_path/Frameworks";
				PRODUCT_NAME = "$(TARGET_NAME)";
				TEST_HOST = "$(BUILT_PRODUCTS_DIR)/NavBarDemo.app/NavBarDemo";
			};
			name = Release;
		};
/* End XCBuildConfiguration section */

/* Begin XCConfigurationList section */
		9AB2860C1B84B04700CF659D /* Build configuration list for PBXProject "NavBarDemo" */ = {
			isa = XCConfigurationList;
			buildConfigurations = (
				9AB2862E1B84B04700CF659D /* Debug */,
				9AB2862F1B84B04700CF659D /* Release */,
			);
			defaultConfigurationIsVisible = 0;
			defaultConfigurationName = Release;
		};
		9AB286301B84B04700CF659D /* Build configuration list for PBXNativeTarget "NavBarDemo" */ = {
			isa = XCConfigurationList;
			buildConfigurations = (
				9AB286311B84B04700CF659D /* Debug */,
				9AB286321B84B04700CF659D /* Release */,
			);
			defaultConfigurationIsVisible = 0;
		};
		9AB286331B84B04700CF659D /* Build configuration list for PBXNativeTarget "NavBarDemoTests" */ = {
			isa = XCConfigurationList;
			buildConfigurations = (
				9AB286341B84B04700CF659D /* Debug */,
				9AB286351B84B04700CF659D /* Release */,
			);
			defaultConfigurationIsVisible = 0;
		};
/* End XCConfigurationList section */
	};
	rootObject = 9AB286091B84B04700CF659D /* Project object */;
}
