// !$*UTF8*$!
{
	archiveVersion = 1;
	classes = {
	};
	objectVersion = 46;
	objects = {

/* Begin PBXBuildFile section */
		9AB286451B84B80600CF659D /* AppDelegate.swift in Sources */ = {isa = PBXBuildFile; fileRef = 9AB286441B84B80600CF659D /* AppDelegate.swift */; };
		9AB286471B84B80600CF659D /* ViewController.swift in Sources */ = {isa = PBXBuildFile; fileRef = 9AB286461B84B80600CF659D /* ViewController.swift */; };
		9AB2864A1B84B80600CF659D /* Main.storyboard in Resources */ = {isa = PBXBuildFile; fileRef = 9AB286481B84B80600CF659D /* Main.storyboard */; };
		9AB2864C1B84B80600CF659D /* Images.xcassets in Resources */ = {isa = PBXBuildFile; fileRef = 9AB2864B1B84B80600CF659D /* Images.xcassets */; };
		9AB2864F1B84B80600CF659D /* LaunchScreen.xib in Resources */ = {isa = PBXBuildFile; fileRef = 9AB2864D1B84B80600CF659D /* LaunchScreen.xib */; };
		9AB2865B1B84B80600CF659D /* NavControllerDemoTests.swift in Sources */ = {isa = PBXBuildFile; fileRef = 9AB2865A1B84B80600CF659D /* NavControllerDemoTests.swift */; };
		9AB286651B84B87300CF659D /* ViewController2.swift in Sources */ = {isa = PBXBuildFile; fileRef = 9AB286641B84B87300CF659D /* ViewController2.swift */; };
/* End PBXBuildFile section */

/* Begin PBXContainerItemProxy section */
		9AB286551B84B80600CF659D /* PBXContainerItemProxy */ = {
			isa = PBXContainerItemProxy;
			containerPortal = 9AB286371B84B80600CF659D /* Project object */;
			proxyType = 1;
			remoteGlobalIDString = 9AB2863E1B84B80600CF659D;
			remoteInfo = NavControllerDemo;
		};
/* End PBXContainerItemProxy section */

/* Begin PBXFileReference section */
		9AB2863F1B84B80600CF659D /* NavControllerDemo.app */ = {isa = PBXFileReference; explicitFileType = wrapper.application; includeInIndex = 0; path = NavControllerDemo.app; sourceTree = BUILT_PRODUCTS_DIR; };
		9AB286431B84B80600CF659D /* Info.plist */ = {isa = PBXFileReference; lastKnownFileType = text.plist.xml; path = Info.plist; sourceTree = "<group>"; };
		9AB286441B84B80600CF659D /* AppDelegate.swift */ = {isa = PBXFileReference; lastKnownFileType = sourcecode.swift; path = AppDelegate.swift; sourceTree = "<group>"; };
		9AB286461B84B80600CF659D /* ViewController.swift */ = {isa = PBXFileReference; lastKnownFileType = sourcecode.swift; path = ViewController.swift; sourceTree = "<group>"; };
		9AB286491B84B80600CF659D /* Base */ = {isa = PBXFileReference; lastKnownFileType = file.storyboard; name = Base; path = Base.lproj/Main.storyboard; sourceTree = "<group>"; };
		9AB2864B1B84B80600CF659D /* Images.xcassets */ = {isa = PBXFileReference; lastKnownFileType = folder.assetcatalog; path = Images.xcassets; sourceTree = "<group>"; };
		9AB2864E1B84B80600CF659D /* Base */ = {isa = PBXFileReference; lastKnownFileType = file.xib; name = Base; path = Base.lproj/LaunchScreen.xib; sourceTree = "<group>"; };
		9AB286541B84B80600CF659D /* NavControllerDemoTests.xctest */ = {isa = PBXFileReference; explicitFileType = wrapper.cfbundle; includeInIndex = 0; path = NavControllerDemoTests.xctest; sourceTree = BUILT_PRODUCTS_DIR; };
		9AB286591B84B80600CF659D /* Info.plist */ = {isa = PBXFileReference; lastKnownFileType = text.plist.xml; path = Info.plist; sourceTree = "<group>"; };
		9AB2865A1B84B80600CF659D /* NavControllerDemoTests.swift */ = {isa = PBXFileReference; lastKnownFileType = sourcecode.swift; path = NavControllerDemoTests.swift; sourceTree = "<group>"; };
		9AB286641B84B87300CF659D /* ViewController2.swift */ = {isa = PBXFileReference; fileEncoding = 4; lastKnownFileType = sourcecode.swift; path = ViewController2.swift; sourceTree = "<group>"; };
/* End PBXFileReference section */

/* Begin PBXFrameworksBuildPhase section */
		9AB2863C1B84B80600CF659D /* Frameworks */ = {
			isa = PBXFrameworksBuildPhase;
			buildActionMask = 2147483647;
			files = (
			);
			runOnlyForDeploymentPostprocessing = 0;
		};
		9AB286511B84B80600CF659D /* Frameworks */ = {
			isa = PBXFrameworksBuildPhase;
			buildActionMask = 2147483647;
			files = (
			);
			runOnlyForDeploymentPostprocessing = 0;
		};
/* End PBXFrameworksBuildPhase section */

/* Begin PBXGroup section */
		9AB286361B84B80600CF659D = {
			isa = PBXGroup;
			children = (
				9AB286411B84B80600CF659D /* NavControllerDemo */,
				9AB286571B84B80600CF659D /* NavControllerDemoTests */,
				9AB286401B84B80600CF659D /* Products */,
			);
			sourceTree = "<group>";
		};
		9AB286401B84B80600CF659D /* Products */ = {
			isa = PBXGroup;
			children = (
				9AB2863F1B84B80600CF659D /* NavControllerDemo.app */,
				9AB286541B84B80600CF659D /* NavControllerDemoTests.xctest */,
			);
			name = Products;
			sourceTree = "<group>";
		};
		9AB286411B84B80600CF659D /* NavControllerDemo */ = {
			isa = PBXGroup;
			children = (
				9AB286441B84B80600CF659D /* AppDelegate.swift */,
				9AB286461B84B80600CF659D /* ViewController.swift */,
				9AB286641B84B87300CF659D /* ViewController2.swift */,
				9AB286481B84B80600CF659D /* Main.storyboard */,
				9AB2864B1B84B80600CF659D /* Images.xcassets */,
				9AB2864D1B84B80600CF659D /* LaunchScreen.xib */,
				9AB286421B84B80600CF659D /* Supporting Files */,
			);
			path = NavControllerDemo;
			sourceTree = "<group>";
		};
		9AB286421B84B80600CF659D /* Supporting Files */ = {
			isa = PBXGroup;
			children = (
				9AB286431B84B80600CF659D /* Info.plist */,
			);
			name = "Supporting Files";
			sourceTree = "<group>";
		};
		9AB286571B84B80600CF659D /* NavControllerDemoTests */ = {
			isa = PBXGroup;
			children = (
				9AB2865A1B84B80600CF659D /* NavControllerDemoTests.swift */,
				9AB286581B84B80600CF659D /* Supporting Files */,
			);
			path = NavControllerDemoTests;
			sourceTree = "<group>";
		};
		9AB286581B84B80600CF659D /* Supporting Files */ = {
			isa = PBXGroup;
			children = (
				9AB286591B84B80600CF659D /* Info.plist */,
			);
			name = "Supporting Files";
			sourceTree = "<group>";
		};
/* End PBXGroup section */

/* Begin PBXNativeTarget section */
		9AB2863E1B84B80600CF659D /* NavControllerDemo */ = {
			isa = PBXNativeTarget;
			buildConfigurationList = 9AB2865E1B84B80600CF659D /* Build configuration list for PBXNativeTarget "NavControllerDemo" */;
			buildPhases = (
				9AB2863B1B84B80600CF659D /* Sources */,
				9AB2863C1B84B80600CF659D /* Frameworks */,
				9AB2863D1B84B80600CF659D /* Resources */,
			);
			buildRules = (
			);
			dependencies = (
			);
			name = NavControllerDemo;
			productName = NavControllerDemo;
			productReference = 9AB2863F1B84B80600CF659D /* NavControllerDemo.app */;
			productType = "com.apple.product-type.application";
		};
		9AB286531B84B80600CF659D /* NavControllerDemoTests */ = {
			isa = PBXNativeTarget;
			buildConfigurationList = 9AB286611B84B80600CF659D /* Build configuration list for PBXNativeTarget "NavControllerDemoTests" */;
			buildPhases = (
				9AB286501B84B80600CF659D /* Sources */,
				9AB286511B84B80600CF659D /* Frameworks */,
				9AB286521B84B80600CF659D /* Resources */,
			);
			buildRules = (
			);
			dependencies = (
				9AB286561B84B80600CF659D /* PBXTargetDependency */,
			);
			name = NavControllerDemoTests;
			productName = NavControllerDemoTests;
			productReference = 9AB286541B84B80600CF659D /* NavControllerDemoTests.xctest */;
			productType = "com.apple.product-type.bundle.unit-test";
		};
/* End PBXNativeTarget section */

/* Begin PBXProject section */
		9AB286371B84B80600CF659D /* Project object */ = {
			isa = PBXProject;
			attributes = {
				LastUpgradeCheck = 0630;
				ORGANIZATIONNAME = yogayu.github.io;
				TargetAttributes = {
					9AB2863E1B84B80600CF659D = {
						CreatedOnToolsVersion = 6.3.1;
					};
					9AB286531B84B80600CF659D = {
						CreatedOnToolsVersion = 6.3.1;
						TestTargetID = 9AB2863E1B84B80600CF659D;
					};
				};
			};
			buildConfigurationList = 9AB2863A1B84B80600CF659D /* Build configuration list for PBXProject "NavControllerDemo" */;
			compatibilityVersion = "Xcode 3.2";
			developmentRegion = English;
			hasScannedForEncodings = 0;
			knownRegions = (
				en,
				Base,
			);
			mainGroup = 9AB286361B84B80600CF659D;
			productRefGroup = 9AB286401B84B80600CF659D /* Products */;
			projectDirPath = "";
			projectRoot = "";
			targets = (
				9AB2863E1B84B80600CF659D /* NavControllerDemo */,
				9AB286531B84B80600CF659D /* NavControllerDemoTests */,
			);
		};
/* End PBXProject section */

/* Begin PBXResourcesBuildPhase section */
		9AB2863D1B84B80600CF659D /* Resources */ = {
			isa = PBXResourcesBuildPhase;
			buildActionMask = 2147483647;
			files = (
				9AB2864A1B84B80600CF659D /* Main.storyboard in Resources */,
				9AB2864F1B84B80600CF659D /* LaunchScreen.xib in Resources */,
				9AB2864C1B84B80600CF659D /* Images.xcassets in Resources */,
			);
			runOnlyForDeploymentPostprocessing = 0;
		};
		9AB286521B84B80600CF659D /* Resources */ = {
			isa = PBXResourcesBuildPhase;
			buildActionMask = 2147483647;
			files = (
			);
			runOnlyForDeploymentPostprocessing = 0;
		};
/* End PBXResourcesBuildPhase section */

/* Begin PBXSourcesBuildPhase section */
		9AB2863B1B84B80600CF659D /* Sources */ = {
			isa = PBXSourcesBuildPhase;
			buildActionMask = 2147483647;
			files = (
				9AB286471B84B80600CF659D /* ViewController.swift in Sources */,
				9AB286451B84B80600CF659D /* AppDelegate.swift in Sources */,
				9AB286651B84B87300CF659D /* ViewController2.swift in Sources */,
			);
			runOnlyForDeploymentPostprocessing = 0;
		};
		9AB286501B84B80600CF659D /* Sources */ = {
			isa = PBXSourcesBuildPhase;
			buildActionMask = 2147483647;
			files = (
				9AB2865B1B84B80600CF659D /* NavControllerDemoTests.swift in Sources */,
			);
			runOnlyForDeploymentPostprocessing = 0;
		};
/* End PBXSourcesBuildPhase section */

/* Begin PBXTargetDependency section */
		9AB286561B84B80600CF659D /* PBXTargetDependency */ = {
			isa = PBXTargetDependency;
			target = 9AB2863E1B84B80600CF659D /* NavControllerDemo */;
			targetProxy = 9AB286551B84B80600CF659D /* PBXContainerItemProxy */;
		};
/* End PBXTargetDependency section */

/* Begin PBXVariantGroup section */
		9AB286481B84B80600CF659D /* Main.storyboard */ = {
			isa = PBXVariantGroup;
			children = (
				9AB286491B84B80600CF659D /* Base */,
			);
			name = Main.storyboard;
			sourceTree = "<group>";
		};
		9AB2864D1B84B80600CF659D /* LaunchScreen.xib */ = {
			isa = PBXVariantGroup;
			children = (
				9AB2864E1B84B80600CF659D /* Base */,
			);
			name = LaunchScreen.xib;
			sourceTree = "<group>";
		};
/* End PBXVariantGroup section */

/* Begin XCBuildConfiguration section */
		9AB2865C1B84B80600CF659D /* Debug */ = {
			isa = XCBuildConfiguration;
			buildSettings = {
				ALWAYS_SEARCH_USER_PATHS = NO;
				CLANG_CXX_LANGUAGE_STANDARD = "gnu++0x";
				CLANG_CXX_LIBRARY = "libc++";
				CLANG_ENABLE_MODULES = YES;
				CLANG_ENABLE_OBJC_ARC = YES;
				CLANG_WARN_BOOL_CONVERSION = YES;
				CLANG_WARN_CONSTANT_CONVERSION = YES;
				CLANG_WARN_DIRECT_OBJC_ISA_USAGE = YES_ERROR;
				CLANG_WARN_EMPTY_BODY = YES;
				CLANG_WARN_ENUM_CONVERSION = YES;
				CLANG_WARN_INT_CONVERSION = YES;
				CLANG_WARN_OBJC_ROOT_CLASS = YES_ERROR;
				CLANG_WARN_UNREACHABLE_CODE = YES;
				CLANG_WARN__DUPLICATE_METHOD_MATCH = YES;
				"CODE_SIGN_IDENTITY[sdk=iphoneos*]" = "iPhone Developer";
				COPY_PHASE_STRIP = NO;
				DEBUG_INFORMATION_FORMAT = "dwarf-with-dsym";
				ENABLE_STRICT_OBJC_MSGSEND = YES;
				GCC_C_LANGUAGE_STANDARD = gnu99;
				GCC_DYNAMIC_NO_PIC = NO;
				GCC_NO_COMMON_BLOCKS = YES;
				GCC_OPTIMIZATION_LEVEL = 0;
				GCC_PREPROCESSOR_DEFINITIONS = (
					"DEBUG=1",
					"$(inherited)",
				);
				GCC_SYMBOLS_PRIVATE_EXTERN = NO;
				GCC_WARN_64_TO_32_BIT_CONVERSION = YES;
				GCC_WARN_ABOUT_RETURN_TYPE = YES_ERROR;
				GCC_WARN_UNDECLARED_SELECTOR = YES;
				GCC_WARN_UNINITIALIZED_AUTOS = YES_AGGRESSIVE;
				GCC_WARN_UNUSED_FUNCTION = YES;
				GCC_WARN_UNUSED_VARIABLE = YES;
				IPHONEOS_DEPLOYMENT_TARGET = 8.3;
				MTL_ENABLE_DEBUG_INFO = YES;
				ONLY_ACTIVE_ARCH = YES;
				SDKROOT = iphoneos;
				SWIFT_OPTIMIZATION_LEVEL = "-Onone";
				TARGETED_DEVICE_FAMILY = "1,2";
			};
			name = Debug;
		};
		9AB2865D1B84B80600CF659D /* Release */ = {
			isa = XCBuildConfiguration;
			buildSettings = {
				ALWAYS_SEARCH_USER_PATHS = NO;
				CLANG_CXX_LANGUAGE_STANDARD = "gnu++0x";
				CLANG_CXX_LIBRARY = "libc++";
				CLANG_ENABLE_MODULES = YES;
				CLANG_ENABLE_OBJC_ARC = YES;
				CLANG_WARN_BOOL_CONVERSION = YES;
				CLANG_WARN_CONSTANT_CONVERSION = YES;
				CLANG_WARN_DIRECT_OBJC_ISA_USAGE = YES_ERROR;
				CLANG_WARN_EMPTY_BODY = YES;
				CLANG_WARN_ENUM_CONVERSION = YES;
				CLANG_WARN_INT_CONVERSION = YES;
				CLANG_WARN_OBJC_ROOT_CLASS = YES_ERROR;
				CLANG_WARN_UNREACHABLE_CODE = YES;
				CLANG_WARN__DUPLICATE_METHOD_MATCH = YES;
				"CODE_SIGN_IDENTITY[sdk=iphoneos*]" = "iPhone Developer";
				COPY_PHASE_STRIP = NO;
				DEBUG_INFORMATION_FORMAT = "dwarf-with-dsym";
				ENABLE_NS_ASSERTIONS = NO;
				ENABLE_STRICT_OBJC_MSGSEND = YES;
				GCC_C_LANGUAGE_STANDARD = gnu99;
				GCC_NO_COMMON_BLOCKS = YES;
				GCC_WARN_64_TO_32_BIT_CONVERSION = YES;
				GCC_WARN_ABOUT_RETURN_TYPE = YES_ERROR;
				GCC_WARN_UNDECLARED_SELECTOR = YES;
				GCC_WARN_UNINITIALIZED_AUTOS = YES_AGGRESSIVE;
				GCC_WARN_UNUSED_FUNCTION = YES;
				GCC_WARN_UNUSED_VARIABLE = YES;
				IPHONEOS_DEPLOYMENT_TARGET = 8.3;
				MTL_ENABLE_DEBUG_INFO = NO;
				SDKROOT = iphoneos;
				TARGETED_DEVICE_FAMILY = "1,2";
				VALIDATE_PRODUCT = YES;
			};
			name = Release;
		};
		9AB2865F1B84B80600CF659D /* Debug */ = {
			isa = XCBuildConfiguration;
			buildSettings = {
				ASSETCATALOG_COMPILER_APPICON_NAME = AppIcon;
				CODE_SIGN_IDENTITY = "iPhone Developer";
				INFOPLIST_FILE = NavControllerDemo/Info.plist;
				LD_RUNPATH_SEARCH_PATHS = "$(inherited) @executable_path/Frameworks";
				PRODUCT_NAME = "$(TARGET_NAME)";
			};
			name = Debug;
		};
		9AB286601B84B80600CF659D /* Release */ = {
			isa = XCBuildConfiguration;
			buildSettings = {
				ASSETCATALOG_COMPILER_APPICON_NAME = AppIcon;
				CODE_SIGN_IDENTITY = "iPhone Developer";
				INFOPLIST_FILE = NavControllerDemo/Info.plist;
				LD_RUNPATH_SEARCH_PATHS = "$(inherited) @executable_path/Frameworks";
				PRODUCT_NAME = "$(TARGET_NAME)";
			};
			name = Release;
		};
		9AB286621B84B80600CF659D /* Debug */ = {
			isa = XCBuildConfiguration;
			buildSettings = {
				BUNDLE_LOADER = "$(TEST_HOST)";
				FRAMEWORK_SEARCH_PATHS = (
					"$(SDKROOT)/Developer/Library/Frameworks",
					"$(inherited)",
				);
				GCC_PREPROCESSOR_DEFINITIONS = (
					"DEBUG=1",
					"$(inherited)",
				);
				INFOPLIST_FILE = NavControllerDemoTests/Info.plist;
				LD_RUNPATH_SEARCH_PATHS = "$(inherited) @executable_path/Frameworks @loader_path/Frameworks";
				PRODUCT_NAME = "$(TARGET_NAME)";
				TEST_HOST = "$(BUILT_PRODUCTS_DIR)/NavControllerDemo.app/NavControllerDemo";
			};
			name = Debug;
		};
		9AB286631B84B80600CF659D /* Release */ = {
			isa = XCBuildConfiguration;
			buildSettings = {
				BUNDLE_LOADER = "$(TEST_HOST)";
				FRAMEWORK_SEARCH_PATHS = (
					"$(SDKROOT)/Developer/Library/Frameworks",
					"$(inherited)",
				);
				INFOPLIST_FILE = NavControllerDemoTests/Info.plist;
				LD_RUNPATH_SEARCH_PATHS = "$(inherited) @executable_path/Frameworks @loader_path/Frameworks";
				PRODUCT_NAME = "$(TARGET_NAME)";
				TEST_HOST = "$(BUILT_PRODUCTS_DIR)/NavControllerDemo.app/NavControllerDemo";
			};
			name = Release;
		};
/* End XCBuildConfiguration section */

/* Begin XCConfigurationList section */
		9AB2863A1B84B80600CF659D /* Build configuration list for PBXProject "NavControllerDemo" */ = {
			isa = XCConfigurationList;
			buildConfigurations = (
				9AB2865C1B84B80600CF659D /* Debug */,
				9AB2865D1B84B80600CF659D /* Release */,
			);
			defaultConfigurationIsVisible = 0;
			defaultConfigurationName = Release;
		};
		9AB2865E1B84B80600CF659D /* Build configuration list for PBXNativeTarget "NavControllerDemo" */ = {
			isa = XCConfigurationList;
			buildConfigurations = (
				9AB2865F1B84B80600CF659D /* Debug */,
				9AB286601B84B80600CF659D /* Release */,
			);
			defaultConfigurationIsVisible = 0;
			defaultConfigurationName = Release;
		};
		9AB286611B84B80600CF659D /* Build configuration list for PBXNativeTarget "NavControllerDemoTests" */ = {
			isa = XCConfigurationList;
			buildConfigurations = (
				9AB286621B84B80600CF659D /* Debug */,
				9AB286631B84B80600CF659D /* Release */,
			);
			defaultConfigurationIsVisible = 0;
			defaultConfigurationName = Release;
		};
/* End XCConfigurationList section */
	};
	rootObject = 9AB286371B84B80600CF659D /* Project object */;
}
