// !$*UTF8*$!
{
	archiveVersion = 1;
	classes = {
	};
	objectVersion = 46;
	objects = {

/* Begin PBXBuildFile section */
		9A08B3C41BE8F4B6001EEF4A /* AppDelegate.swift in Sources */ = {isa = PBXBuildFile; fileRef = 9A08B3C31BE8F4B6001EEF4A /* AppDelegate.swift */; };
		9A08B3C61BE8F4B6001EEF4A /* ViewController.swift in Sources */ = {isa = PBXBuildFile; fileRef = 9A08B3C51BE8F4B6001EEF4A /* ViewController.swift */; };
		9A08B3C91BE8F4B6001EEF4A /* Main.storyboard in Resources */ = {isa = PBXBuildFile; fileRef = 9A08B3C71BE8F4B6001EEF4A /* Main.storyboard */; };
		9A08B3CC1BE8F4B6001EEF4A /* camera.xcdatamodeld in Sources */ = {isa = PBXBuildFile; fileRef = 9A08B3CA1BE8F4B6001EEF4A /* camera.xcdatamodeld */; };
		9A08B3CE1BE8F4B6001EEF4A /* Assets.xcassets in Resources */ = {isa = PBXBuildFile; fileRef = 9A08B3CD1BE8F4B6001EEF4A /* Assets.xcassets */; };
		9A08B3D11BE8F4B6001EEF4A /* LaunchScreen.storyboard in Resources */ = {isa = PBXBuildFile; fileRef = 9A08B3CF1BE8F4B6001EEF4A /* LaunchScreen.storyboard */; };
		9A08B3DC1BE8F4B7001EEF4A /* cameraTests.swift in Sources */ = {isa = PBXBuildFile; fileRef = 9A08B3DB1BE8F4B7001EEF4A /* cameraTests.swift */; };
		9A08B3E71BE8F4B7001EEF4A /* cameraUITests.swift in Sources */ = {isa = PBXBuildFile; fileRef = 9A08B3E61BE8F4B7001EEF4A /* cameraUITests.swift */; };
		9A08B3F51BE8F56A001EEF4A /* PhotoViewController.swift in Sources */ = {isa = PBXBuildFile; fileRef = 9A08B3F41BE8F56A001EEF4A /* PhotoViewController.swift */; };
/* End PBXBuildFile section */

/* Begin PBXContainerItemProxy section */
		9A08B3D81BE8F4B7001EEF4A /* PBXContainerItemProxy */ = {
			isa = PBXContainerItemProxy;
			containerPortal = 9A08B3B81BE8F4B6001EEF4A /* Project object */;
			proxyType = 1;
			remoteGlobalIDString = 9A08B3BF1BE8F4B6001EEF4A;
			remoteInfo = camera;
		};
		9A08B3E31BE8F4B7001EEF4A /* PBXContainerItemProxy */ = {
			isa = PBXContainerItemProxy;
			containerPortal = 9A08B3B81BE8F4B6001EEF4A /* Project object */;
			proxyType = 1;
			remoteGlobalIDString = 9A08B3BF1BE8F4B6001EEF4A;
			remoteInfo = camera;
		};
/* End PBXContainerItemProxy section */

/* Begin PBXFileReference section */
		9A08B3C01BE8F4B6001EEF4A /* camera.app */ = {isa = PBXFileReference; explicitFileType = wrapper.application; includeInIndex = 0; path = camera.app; sourceTree = BUILT_PRODUCTS_DIR; };
		9A08B3C31BE8F4B6001EEF4A /* AppDelegate.swift */ = {isa = PBXFileReference; lastKnownFileType = sourcecode.swift; path = AppDelegate.swift; sourceTree = "<group>"; };
		9A08B3C51BE8F4B6001EEF4A /* ViewController.swift */ = {isa = PBXFileReference; lastKnownFileType = sourcecode.swift; path = ViewController.swift; sourceTree = "<group>"; };
		9A08B3C81BE8F4B6001EEF4A /* Base */ = {isa = PBXFileReference; lastKnownFileType = file.storyboard; name = Base; path = Base.lproj/Main.storyboard; sourceTree = "<group>"; };
		9A08B3CB1BE8F4B6001EEF4A /* camera.xcdatamodel */ = {isa = PBXFileReference; lastKnownFileType = wrapper.xcdatamodel; path = camera.xcdatamodel; sourceTree = "<group>"; };
		9A08B3CD1BE8F4B6001EEF4A /* Assets.xcassets */ = {isa = PBXFileReference; lastKnownFileType = folder.assetcatalog; path = Assets.xcassets; sourceTree = "<group>"; };
		9A08B3D01BE8F4B6001EEF4A /* Base */ = {isa = PBXFileReference; lastKnownFileType = file.storyboard; name = Base; path = Base.lproj/LaunchScreen.storyboard; sourceTree = "<group>"; };
		9A08B3D21BE8F4B6001EEF4A /* Info.plist */ = {isa = PBXFileReference; lastKnownFileType = text.plist.xml; path = Info.plist; sourceTree = "<group>"; };
		9A08B3D71BE8F4B7001EEF4A /* cameraTests.xctest */ = {isa = PBXFileReference; explicitFileType = wrapper.cfbundle; includeInIndex = 0; path = cameraTests.xctest; sourceTree = BUILT_PRODUCTS_DIR; };
		9A08B3DB1BE8F4B7001EEF4A /* cameraTests.swift */ = {isa = PBXFileReference; lastKnownFileType = sourcecode.swift; path = cameraTests.swift; sourceTree = "<group>"; };
		9A08B3DD1BE8F4B7001EEF4A /* Info.plist */ = {isa = PBXFileReference; lastKnownFileType = text.plist.xml; path = Info.plist; sourceTree = "<group>"; };
		9A08B3E21BE8F4B7001EEF4A /* cameraUITests.xctest */ = {isa = PBXFileReference; explicitFileType = wrapper.cfbundle; includeInIndex = 0; path = cameraUITests.xctest; sourceTree = BUILT_PRODUCTS_DIR; };
		9A08B3E61BE8F4B7001EEF4A /* cameraUITests.swift */ = {isa = PBXFileReference; lastKnownFileType = sourcecode.swift; path = cameraUITests.swift; sourceTree = "<group>"; };
		9A08B3E81BE8F4B7001EEF4A /* Info.plist */ = {isa = PBXFileReference; lastKnownFileType = text.plist.xml; path = Info.plist; sourceTree = "<group>"; };
		9A08B3F41BE8F56A001EEF4A /* PhotoViewController.swift */ = {isa = PBXFileReference; fileEncoding = 4; lastKnownFileType = sourcecode.swift; path = PhotoViewController.swift; sourceTree = "<group>"; };
/* End PBXFileReference section */

/* Begin PBXFrameworksBuildPhase section */
		9A08B3BD1BE8F4B6001EEF4A /* Frameworks */ = {
			isa = PBXFrameworksBuildPhase;
			buildActionMask = 2147483647;
			files = (
			);
			runOnlyForDeploymentPostprocessing = 0;
		};
		9A08B3D41BE8F4B7001EEF4A /* Frameworks */ = {
			isa = PBXFrameworksBuildPhase;
			buildActionMask = 2147483647;
			files = (
			);
			runOnlyForDeploymentPostprocessing = 0;
		};
		9A08B3DF1BE8F4B7001EEF4A /* Frameworks */ = {
			isa = PBXFrameworksBuildPhase;
			buildActionMask = 2147483647;
			files = (
			);
			runOnlyForDeploymentPostprocessing = 0;
		};
/* End PBXFrameworksBuildPhase section */

/* Begin PBXGroup section */
		9A08B3B71BE8F4B6001EEF4A = {
			isa = PBXGroup;
			children = (
				9A08B3C21BE8F4B6001EEF4A /* camera */,
				9A08B3DA1BE8F4B7001EEF4A /* cameraTests */,
				9A08B3E51BE8F4B7001EEF4A /* cameraUITests */,
				9A08B3C11BE8F4B6001EEF4A /* Products */,
			);
			sourceTree = "<group>";
		};
		9A08B3C11BE8F4B6001EEF4A /* Products */ = {
			isa = PBXGroup;
			children = (
				9A08B3C01BE8F4B6001EEF4A /* camera.app */,
				9A08B3D71BE8F4B7001EEF4A /* cameraTests.xctest */,
				9A08B3E21BE8F4B7001EEF4A /* cameraUITests.xctest */,
			);
			name = Products;
			sourceTree = "<group>";
		};
		9A08B3C21BE8F4B6001EEF4A /* camera */ = {
			isa = PBXGroup;
			children = (
				9A08B3C31BE8F4B6001EEF4A /* AppDelegate.swift */,
				9A08B3C51BE8F4B6001EEF4A /* ViewController.swift */,
				9A08B3C71BE8F4B6001EEF4A /* Main.storyboard */,
				9A08B3F41BE8F56A001EEF4A /* PhotoViewController.swift */,
				9A08B3CD1BE8F4B6001EEF4A /* Assets.xcassets */,
				9A08B3CF1BE8F4B6001EEF4A /* LaunchScreen.storyboard */,
				9A08B3D21BE8F4B6001EEF4A /* Info.plist */,
				9A08B3CA1BE8F4B6001EEF4A /* camera.xcdatamodeld */,
			);
			path = camera;
			sourceTree = "<group>";
		};
		9A08B3DA1BE8F4B7001EEF4A /* cameraTests */ = {
			isa = PBXGroup;
			children = (
				9A08B3DB1BE8F4B7001EEF4A /* cameraTests.swift */,
				9A08B3DD1BE8F4B7001EEF4A /* Info.plist */,
			);
			path = cameraTests;
			sourceTree = "<group>";
		};
		9A08B3E51BE8F4B7001EEF4A /* cameraUITests */ = {
			isa = PBXGroup;
			children = (
				9A08B3E61BE8F4B7001EEF4A /* cameraUITests.swift */,
				9A08B3E81BE8F4B7001EEF4A /* Info.plist */,
			);
			path = cameraUITests;
			sourceTree = "<group>";
		};
/* End PBXGroup section */

/* Begin PBXNativeTarget section */
		9A08B3BF1BE8F4B6001EEF4A /* camera */ = {
			isa = PBXNativeTarget;
			buildConfigurationList = 9A08B3EB1BE8F4B7001EEF4A /* Build configuration list for PBXNativeTarget "camera" */;
			buildPhases = (
				9A08B3BC1BE8F4B6001EEF4A /* Sources */,
				9A08B3BD1BE8F4B6001EEF4A /* Frameworks */,
				9A08B3BE1BE8F4B6001EEF4A /* Resources */,
			);
			buildRules = (
			);
			dependencies = (
			);
			name = camera;
			productName = camera;
			productReference = 9A08B3C01BE8F4B6001EEF4A /* camera.app */;
			productType = "com.apple.product-type.application";
		};
		9A08B3D61BE8F4B7001EEF4A /* cameraTests */ = {
			isa = PBXNativeTarget;
			buildConfigurationList = 9A08B3EE1BE8F4B7001EEF4A /* Build configuration list for PBXNativeTarget "cameraTests" */;
			buildPhases = (
				9A08B3D31BE8F4B7001EEF4A /* Sources */,
				9A08B3D41BE8F4B7001EEF4A /* Frameworks */,
				9A08B3D51BE8F4B7001EEF4A /* Resources */,
			);
			buildRules = (
			);
			dependencies = (
				9A08B3D91BE8F4B7001EEF4A /* PBXTargetDependency */,
			);
			name = cameraTests;
			productName = cameraTests;
			productReference = 9A08B3D71BE8F4B7001EEF4A /* cameraTests.xctest */;
			productType = "com.apple.product-type.bundle.unit-test";
		};
		9A08B3E11BE8F4B7001EEF4A /* cameraUITests */ = {
			isa = PBXNativeTarget;
			buildConfigurationList = 9A08B3F11BE8F4B7001EEF4A /* Build configuration list for PBXNativeTarget "cameraUITests" */;
			buildPhases = (
				9A08B3DE1BE8F4B7001EEF4A /* Sources */,
				9A08B3DF1BE8F4B7001EEF4A /* Frameworks */,
				9A08B3E01BE8F4B7001EEF4A /* Resources */,
			);
			buildRules = (
			);
			dependencies = (
				9A08B3E41BE8F4B7001EEF4A /* PBXTargetDependency */,
			);
			name = cameraUITests;
			productName = cameraUITests;
			productReference = 9A08B3E21BE8F4B7001EEF4A /* cameraUITests.xctest */;
			productType = "com.apple.product-type.bundle.ui-testing";
		};
/* End PBXNativeTarget section */

/* Begin PBXProject section */
		9A08B3B81BE8F4B6001EEF4A /* Project object */ = {
			isa = PBXProject;
			attributes = {
				LastSwiftUpdateCheck = 0710;
				LastUpgradeCheck = 0710;
				ORGANIZATIONNAME = yogayu.github.io;
				TargetAttributes = {
					9A08B3BF1BE8F4B6001EEF4A = {
						CreatedOnToolsVersion = 7.1;
						DevelopmentTeam = 86YS7NFAB9;
					};
					9A08B3D61BE8F4B7001EEF4A = {
						CreatedOnToolsVersion = 7.1;
						DevelopmentTeam = 86YS7NFAB9;
						TestTargetID = 9A08B3BF1BE8F4B6001EEF4A;
					};
					9A08B3E11BE8F4B7001EEF4A = {
						CreatedOnToolsVersion = 7.1;
						DevelopmentTeam = 86YS7NFAB9;
						TestTargetID = 9A08B3BF1BE8F4B6001EEF4A;
					};
				};
			};
			buildConfigurationList = 9A08B3BB1BE8F4B6001EEF4A /* Build configuration list for PBXProject "camera" */;
			compatibilityVersion = "Xcode 3.2";
			developmentRegion = English;
			hasScannedForEncodings = 0;
			knownRegions = (
				en,
				Base,
			);
			mainGroup = 9A08B3B71BE8F4B6001EEF4A;
			productRefGroup = 9A08B3C11BE8F4B6001EEF4A /* Products */;
			projectDirPath = "";
			projectRoot = "";
			targets = (
				9A08B3BF1BE8F4B6001EEF4A /* camera */,
				9A08B3D61BE8F4B7001EEF4A /* cameraTests */,
				9A08B3E11BE8F4B7001EEF4A /* cameraUITests */,
			);
		};
/* End PBXProject section */

/* Begin PBXResourcesBuildPhase section */
		9A08B3BE1BE8F4B6001EEF4A /* Resources */ = {
			isa = PBXResourcesBuildPhase;
			buildActionMask = 2147483647;
			files = (
				9A08B3D11BE8F4B6001EEF4A /* LaunchScreen.storyboard in Resources */,
				9A08B3CE1BE8F4B6001EEF4A /* Assets.xcassets in Resources */,
				9A08B3C91BE8F4B6001EEF4A /* Main.storyboard in Resources */,
			);
			runOnlyForDeploymentPostprocessing = 0;
		};
		9A08B3D51BE8F4B7001EEF4A /* Resources */ = {
			isa = PBXResourcesBuildPhase;
			buildActionMask = 2147483647;
			files = (
			);
			runOnlyForDeploymentPostprocessing = 0;
		};
		9A08B3E01BE8F4B7001EEF4A /* Resources */ = {
			isa = PBXResourcesBuildPhase;
			buildActionMask = 2147483647;
			files = (
			);
			runOnlyForDeploymentPostprocessing = 0;
		};
/* End PBXResourcesBuildPhase section */

/* Begin PBXSourcesBuildPhase section */
		9A08B3BC1BE8F4B6001EEF4A /* Sources */ = {
			isa = PBXSourcesBuildPhase;
			buildActionMask = 2147483647;
			files = (
				9A08B3CC1BE8F4B6001EEF4A /* camera.xcdatamodeld in Sources */,
				9A08B3F51BE8F56A001EEF4A /* PhotoViewController.swift in Sources */,
				9A08B3C61BE8F4B6001EEF4A /* ViewController.swift in Sources */,
				9A08B3C41BE8F4B6001EEF4A /* AppDelegate.swift in Sources */,
			);
			runOnlyForDeploymentPostprocessing = 0;
		};
		9A08B3D31BE8F4B7001EEF4A /* Sources */ = {
			isa = PBXSourcesBuildPhase;
			buildActionMask = 2147483647;
			files = (
				9A08B3DC1BE8F4B7001EEF4A /* cameraTests.swift in Sources */,
			);
			runOnlyForDeploymentPostprocessing = 0;
		};
		9A08B3DE1BE8F4B7001EEF4A /* Sources */ = {
			isa = PBXSourcesBuildPhase;
			buildActionMask = 2147483647;
			files = (
				9A08B3E71BE8F4B7001EEF4A /* cameraUITests.swift in Sources */,
			);
			runOnlyForDeploymentPostprocessing = 0;
		};
/* End PBXSourcesBuildPhase section */

/* Begin PBXTargetDependency section */
		9A08B3D91BE8F4B7001EEF4A /* PBXTargetDependency */ = {
			isa = PBXTargetDependency;
			target = 9A08B3BF1BE8F4B6001EEF4A /* camera */;
			targetProxy = 9A08B3D81BE8F4B7001EEF4A /* PBXContainerItemProxy */;
		};
		9A08B3E41BE8F4B7001EEF4A /* PBXTargetDependency */ = {
			isa = PBXTargetDependency;
			target = 9A08B3BF1BE8F4B6001EEF4A /* camera */;
			targetProxy = 9A08B3E31BE8F4B7001EEF4A /* PBXContainerItemProxy */;
		};
/* End PBXTargetDependency section */

/* Begin PBXVariantGroup section */
		9A08B3C71BE8F4B6001EEF4A /* Main.storyboard */ = {
			isa = PBXVariantGroup;
			children = (
				9A08B3C81BE8F4B6001EEF4A /* Base */,
			);
			name = Main.storyboard;
			sourceTree = "<group>";
		};
		9A08B3CF1BE8F4B6001EEF4A /* LaunchScreen.storyboard */ = {
			isa = PBXVariantGroup;
			children = (
				9A08B3D01BE8F4B6001EEF4A /* Base */,
			);
			name = LaunchScreen.storyboard;
			sourceTree = "<group>";
		};
/* End PBXVariantGroup section */

/* Begin XCBuildConfiguration section */
		9A08B3E91BE8F4B7001EEF4A /* Debug */ = {
			isa = XCBuildConfiguration;
			buildSettings = {
				ALWAYS_SEARCH_USER_PATHS = NO;
				CLANG_CXX_LANGUAGE_STANDARD = "gnu++0x";
				CLANG_CXX_LIBRARY = "libc++";
				CLANG_ENABLE_MODULES = YES;
				CLANG_ENABLE_OBJC_ARC = YES;
				CLANG_WARN_BOOL_CONVERSION = YES;
				CLANG_WARN_CONSTANT_CONVERSION = YES;
				CLANG_WARN_DIRECT_OBJC_ISA_USAGE = YES_ERROR;
				CLANG_WARN_EMPTY_BODY = YES;
				CLANG_WARN_ENUM_CONVERSION = YES;
				CLANG_WARN_INT_CONVERSION = YES;
				CLANG_WARN_OBJC_ROOT_CLASS = YES_ERROR;
				CLANG_WARN_UNREACHABLE_CODE = YES;
				CLANG_WARN__DUPLICATE_METHOD_MATCH = YES;
				"CODE_SIGN_IDENTITY[sdk=iphoneos*]" = "iPhone Developer";
				COPY_PHASE_STRIP = NO;
				DEBUG_INFORMATION_FORMAT = dwarf;
				ENABLE_STRICT_OBJC_MSGSEND = YES;
				ENABLE_TESTABILITY = YES;
				GCC_C_LANGUAGE_STANDARD = gnu99;
				GCC_DYNAMIC_NO_PIC = NO;
				GCC_NO_COMMON_BLOCKS = YES;
				GCC_OPTIMIZATION_LEVEL = 0;
				GCC_PREPROCESSOR_DEFINITIONS = (
					"DEBUG=1",
					"$(inherited)",
				);
				GCC_WARN_64_TO_32_BIT_CONVERSION = YES;
				GCC_WARN_ABOUT_RETURN_TYPE = YES_ERROR;
				GCC_WARN_UNDECLARED_SELECTOR = YES;
				GCC_WARN_UNINITIALIZED_AUTOS = YES_AGGRESSIVE;
				GCC_WARN_UNUSED_FUNCTION = YES;
				GCC_WARN_UNUSED_VARIABLE = YES;
				IPHONEOS_DEPLOYMENT_TARGET = 9.1;
				MTL_ENABLE_DEBUG_INFO = YES;
				ONLY_ACTIVE_ARCH = YES;
				SDKROOT = iphoneos;
				SWIFT_OPTIMIZATION_LEVEL = "-Onone";
				TARGETED_DEVICE_FAMILY = "1,2";
			};
			name = Debug;
		};
		9A08B3EA1BE8F4B7001EEF4A /* Release */ = {
			isa = XCBuildConfiguration;
			buildSettings = {
				ALWAYS_SEARCH_USER_PATHS = NO;
				CLANG_CXX_LANGUAGE_STANDARD = "gnu++0x";
				CLANG_CXX_LIBRARY = "libc++";
				CLANG_ENABLE_MODULES = YES;
				CLANG_ENABLE_OBJC_ARC = YES;
				CLANG_WARN_BOOL_CONVERSION = YES;
				CLANG_WARN_CONSTANT_CONVERSION = YES;
				CLANG_WARN_DIRECT_OBJC_ISA_USAGE = YES_ERROR;
				CLANG_WARN_EMPTY_BODY = YES;
				CLANG_WARN_ENUM_CONVERSION = YES;
				CLANG_WARN_INT_CONVERSION = YES;
				CLANG_WARN_OBJC_ROOT_CLASS = YES_ERROR;
				CLANG_WARN_UNREACHABLE_CODE = YES;
				CLANG_WARN__DUPLICATE_METHOD_MATCH = YES;
				"CODE_SIGN_IDENTITY[sdk=iphoneos*]" = "iPhone Developer";
				COPY_PHASE_STRIP = NO;
				DEBUG_INFORMATION_FORMAT = "dwarf-with-dsym";
				ENABLE_NS_ASSERTIONS = NO;
				ENABLE_STRICT_OBJC_MSGSEND = YES;
				GCC_C_LANGUAGE_STANDARD = gnu99;
				GCC_NO_COMMON_BLOCKS = YES;
				GCC_WARN_64_TO_32_BIT_CONVERSION = YES;
				GCC_WARN_ABOUT_RETURN_TYPE = YES_ERROR;
				GCC_WARN_UNDECLARED_SELECTOR = YES;
				GCC_WARN_UNINITIALIZED_AUTOS = YES_AGGRESSIVE;
				GCC_WARN_UNUSED_FUNCTION = YES;
				GCC_WARN_UNUSED_VARIABLE = YES;
				IPHONEOS_DEPLOYMENT_TARGET = 9.1;
				MTL_ENABLE_DEBUG_INFO = NO;
				SDKROOT = iphoneos;
				TARGETED_DEVICE_FAMILY = "1,2";
				VALIDATE_PRODUCT = YES;
			};
			name = Release;
		};
		9A08B3EC1BE8F4B7001EEF4A /* Debug */ = {
			isa = XCBuildConfiguration;
			buildSettings = {
				ASSETCATALOG_COMPILER_APPICON_NAME = AppIcon;
				INFOPLIST_FILE = camera/Info.plist;
				LD_RUNPATH_SEARCH_PATHS = "$(inherited) @executable_path/Frameworks";
				PRODUCT_BUNDLE_IDENTIFIER = yogayu.github.io.camera;
				PRODUCT_NAME = "$(TARGET_NAME)";
			};
			name = Debug;
		};
		9A08B3ED1BE8F4B7001EEF4A /* Release */ = {
			isa = XCBuildConfiguration;
			buildSettings = {
				ASSETCATALOG_COMPILER_APPICON_NAME = AppIcon;
				INFOPLIST_FILE = camera/Info.plist;
				LD_RUNPATH_SEARCH_PATHS = "$(inherited) @executable_path/Frameworks";
				PRODUCT_BUNDLE_IDENTIFIER = yogayu.github.io.camera;
				PRODUCT_NAME = "$(TARGET_NAME)";
			};
			name = Release;
		};
		9A08B3EF1BE8F4B7001EEF4A /* Debug */ = {
			isa = XCBuildConfiguration;
			buildSettings = {
				BUNDLE_LOADER = "$(TEST_HOST)";
				INFOPLIST_FILE = cameraTests/Info.plist;
				LD_RUNPATH_SEARCH_PATHS = "$(inherited) @executable_path/Frameworks @loader_path/Frameworks";
				PRODUCT_BUNDLE_IDENTIFIER = yogayu.github.io.cameraTests;
				PRODUCT_NAME = "$(TARGET_NAME)";
				TEST_HOST = "$(BUILT_PRODUCTS_DIR)/camera.app/camera";
			};
			name = Debug;
		};
		9A08B3F01BE8F4B7001EEF4A /* Release */ = {
			isa = XCBuildConfiguration;
			buildSettings = {
				BUNDLE_LOADER = "$(TEST_HOST)";
				INFOPLIST_FILE = cameraTests/Info.plist;
				LD_RUNPATH_SEARCH_PATHS = "$(inherited) @executable_path/Frameworks @loader_path/Frameworks";
				PRODUCT_BUNDLE_IDENTIFIER = yogayu.github.io.cameraTests;
				PRODUCT_NAME = "$(TARGET_NAME)";
				TEST_HOST = "$(BUILT_PRODUCTS_DIR)/camera.app/camera";
			};
			name = Release;
		};
		9A08B3F21BE8F4B7001EEF4A /* Debug */ = {
			isa = XCBuildConfiguration;
			buildSettings = {
				INFOPLIST_FILE = cameraUITests/Info.plist;
				LD_RUNPATH_SEARCH_PATHS = "$(inherited) @executable_path/Frameworks @loader_path/Frameworks";
				PRODUCT_BUNDLE_IDENTIFIER = yogayu.github.io.cameraUITests;
				PRODUCT_NAME = "$(TARGET_NAME)";
				TEST_TARGET_NAME = camera;
				USES_XCTRUNNER = YES;
			};
			name = Debug;
		};
		9A08B3F31BE8F4B7001EEF4A /* Release */ = {
			isa = XCBuildConfiguration;
			buildSettings = {
				INFOPLIST_FILE = cameraUITests/Info.plist;
				LD_RUNPATH_SEARCH_PATHS = "$(inherited) @executable_path/Frameworks @loader_path/Frameworks";
				PRODUCT_BUNDLE_IDENTIFIER = yogayu.github.io.cameraUITests;
				PRODUCT_NAME = "$(TARGET_NAME)";
				TEST_TARGET_NAME = camera;
				USES_XCTRUNNER = YES;
			};
			name = Release;
		};
/* End XCBuildConfiguration section */

/* Begin XCConfigurationList section */
		9A08B3BB1BE8F4B6001EEF4A /* Build configuration list for PBXProject "camera" */ = {
			isa = XCConfigurationList;
			buildConfigurations = (
				9A08B3E91BE8F4B7001EEF4A /* Debug */,
				9A08B3EA1BE8F4B7001EEF4A /* Release */,
			);
			defaultConfigurationIsVisible = 0;
			defaultConfigurationName = Release;
		};
		9A08B3EB1BE8F4B7001EEF4A /* Build configuration list for PBXNativeTarget "camera" */ = {
			isa = XCConfigurationList;
			buildConfigurations = (
				9A08B3EC1BE8F4B7001EEF4A /* Debug */,
				9A08B3ED1BE8F4B7001EEF4A /* Release */,
			);
			defaultConfigurationIsVisible = 0;
		};
		9A08B3EE1BE8F4B7001EEF4A /* Build configuration list for PBXNativeTarget "cameraTests" */ = {
			isa = XCConfigurationList;
			buildConfigurations = (
				9A08B3EF1BE8F4B7001EEF4A /* Debug */,
				9A08B3F01BE8F4B7001EEF4A /* Release */,
			);
			defaultConfigurationIsVisible = 0;
		};
		9A08B3F11BE8F4B7001EEF4A /* Build configuration list for PBXNativeTarget "cameraUITests" */ = {
			isa = XCConfigurationList;
			buildConfigurations = (
				9A08B3F21BE8F4B7001EEF4A /* Debug */,
				9A08B3F31BE8F4B7001EEF4A /* Release */,
			);
			defaultConfigurationIsVisible = 0;
		};
/* End XCConfigurationList section */

/* Begin XCVersionGroup section */
		9A08B3CA1BE8F4B6001EEF4A /* camera.xcdatamodeld */ = {
			isa = XCVersionGroup;
			children = (
				9A08B3CB1BE8F4B6001EEF4A /* camera.xcdatamodel */,
			);
			currentVersion = 9A08B3CB1BE8F4B6001EEF4A /* camera.xcdatamodel */;
			path = camera.xcdatamodeld;
			sourceTree = "<group>";
			versionGroupType = wrapper.xcdatamodel;
		};
/* End XCVersionGroup section */
	};
	rootObject = 9A08B3B81BE8F4B6001EEF4A /* Project object */;
}
