// !$*UTF8*$!
{
	archiveVersion = 1;
	classes = {
	};
	objectVersion = 46;
	objects = {

/* Begin PBXBuildFile section */
		9AF436BB1B9464CE00E98769 /* AppDelegate.swift in Sources */ = {isa = PBXBuildFile; fileRef = 9AF436BA1B9464CE00E98769 /* AppDelegate.swift */; };
		9AF436BD1B9464CE00E98769 /* ViewController.swift in Sources */ = {isa = PBXBuildFile; fileRef = 9AF436BC1B9464CE00E98769 /* ViewController.swift */; };
		9AF436C01B9464CE00E98769 /* Main.storyboard in Resources */ = {isa = PBXBuildFile; fileRef = 9AF436BE1B9464CE00E98769 /* Main.storyboard */; };
		9AF436C21B9464CE00E98769 /* Images.xcassets in Resources */ = {isa = PBXBuildFile; fileRef = 9AF436C11B9464CE00E98769 /* Images.xcassets */; };
		9AF436C51B9464CE00E98769 /* LaunchScreen.xib in Resources */ = {isa = PBXBuildFile; fileRef = 9AF436C31B9464CE00E98769 /* LaunchScreen.xib */; };
		9AF436D11B9464CE00E98769 /* NavControllerDemo2Tests.swift in Sources */ = {isa = PBXBuildFile; fileRef = 9AF436D01B9464CE00E98769 /* NavControllerDemo2Tests.swift */; };
/* End PBXBuildFile section */

/* Begin PBXContainerItemProxy section */
		9AF436CB1B9464CE00E98769 /* PBXContainerItemProxy */ = {
			isa = PBXContainerItemProxy;
			containerPortal = 9AF436AD1B9464CE00E98769 /* Project object */;
			proxyType = 1;
			remoteGlobalIDString = 9AF436B41B9464CE00E98769;
			remoteInfo = NavControllerDemo2;
		};
/* End PBXContainerItemProxy section */

/* Begin PBXFileReference section */
		9AF436B51B9464CE00E98769 /* NavControllerDemo2.app */ = {isa = PBXFileReference; explicitFileType = wrapper.application; includeInIndex = 0; path = NavControllerDemo2.app; sourceTree = BUILT_PRODUCTS_DIR; };
		9AF436B91B9464CE00E98769 /* Info.plist */ = {isa = PBXFileReference; lastKnownFileType = text.plist.xml; path = Info.plist; sourceTree = "<group>"; };
		9AF436BA1B9464CE00E98769 /* AppDelegate.swift */ = {isa = PBXFileReference; lastKnownFileType = sourcecode.swift; path = AppDelegate.swift; sourceTree = "<group>"; };
		9AF436BC1B9464CE00E98769 /* ViewController.swift */ = {isa = PBXFileReference; lastKnownFileType = sourcecode.swift; path = ViewController.swift; sourceTree = "<group>"; };
		9AF436BF1B9464CE00E98769 /* Base */ = {isa = PBXFileReference; lastKnownFileType = file.storyboard; name = Base; path = Base.lproj/Main.storyboard; sourceTree = "<group>"; };
		9AF436C11B9464CE00E98769 /* Images.xcassets */ = {isa = PBXFileReference; lastKnownFileType = folder.assetcatalog; path = Images.xcassets; sourceTree = "<group>"; };
		9AF436C41B9464CE00E98769 /* Base */ = {isa = PBXFileReference; lastKnownFileType = file.xib; name = Base; path = Base.lproj/LaunchScreen.xib; sourceTree = "<group>"; };
		9AF436CA1B9464CE00E98769 /* NavControllerDemo2Tests.xctest */ = {isa = PBXFileReference; explicitFileType = wrapper.cfbundle; includeInIndex = 0; path = NavControllerDemo2Tests.xctest; sourceTree = BUILT_PRODUCTS_DIR; };
		9AF436CF1B9464CE00E98769 /* Info.plist */ = {isa = PBXFileReference; lastKnownFileType = text.plist.xml; path = Info.plist; sourceTree = "<group>"; };
		9AF436D01B9464CE00E98769 /* NavControllerDemo2Tests.swift */ = {isa = PBXFileReference; lastKnownFileType = sourcecode.swift; path = NavControllerDemo2Tests.swift; sourceTree = "<group>"; };
/* End PBXFileReference section */

/* Begin PBXFrameworksBuildPhase section */
		9AF436B21B9464CE00E98769 /* Frameworks */ = {
			isa = PBXFrameworksBuildPhase;
			buildActionMask = 2147483647;
			files = (
			);
			runOnlyForDeploymentPostprocessing = 0;
		};
		9AF436C71B9464CE00E98769 /* Frameworks */ = {
			isa = PBXFrameworksBuildPhase;
			buildActionMask = 2147483647;
			files = (
			);
			runOnlyForDeploymentPostprocessing = 0;
		};
/* End PBXFrameworksBuildPhase section */

/* Begin PBXGroup section */
		9AF436AC1B9464CE00E98769 = {
			isa = PBXGroup;
			children = (
				9AF436B71B9464CE00E98769 /* NavControllerDemo2 */,
				9AF436CD1B9464CE00E98769 /* NavControllerDemo2Tests */,
				9AF436B61B9464CE00E98769 /* Products */,
			);
			sourceTree = "<group>";
		};
		9AF436B61B9464CE00E98769 /* Products */ = {
			isa = PBXGroup;
			children = (
				9AF436B51B9464CE00E98769 /* NavControllerDemo2.app */,
				9AF436CA1B9464CE00E98769 /* NavControllerDemo2Tests.xctest */,
			);
			name = Products;
			sourceTree = "<group>";
		};
		9AF436B71B9464CE00E98769 /* NavControllerDemo2 */ = {
			isa = PBXGroup;
			children = (
				9AF436BA1B9464CE00E98769 /* AppDelegate.swift */,
				9AF436BC1B9464CE00E98769 /* ViewController.swift */,
				9AF436BE1B9464CE00E98769 /* Main.storyboard */,
				9AF436C11B9464CE00E98769 /* Images.xcassets */,
				9AF436C31B9464CE00E98769 /* LaunchScreen.xib */,
				9AF436B81B9464CE00E98769 /* Supporting Files */,
			);
			path = NavControllerDemo2;
			sourceTree = "<group>";
		};
		9AF436B81B9464CE00E98769 /* Supporting Files */ = {
			isa = PBXGroup;
			children = (
				9AF436B91B9464CE00E98769 /* Info.plist */,
			);
			name = "Supporting Files";
			sourceTree = "<group>";
		};
		9AF436CD1B9464CE00E98769 /* NavControllerDemo2Tests */ = {
			isa = PBXGroup;
			children = (
				9AF436D01B9464CE00E98769 /* NavControllerDemo2Tests.swift */,
				9AF436CE1B9464CE00E98769 /* Supporting Files */,
			);
			path = NavControllerDemo2Tests;
			sourceTree = "<group>";
		};
		9AF436CE1B9464CE00E98769 /* Supporting Files */ = {
			isa = PBXGroup;
			children = (
				9AF436CF1B9464CE00E98769 /* Info.plist */,
			);
			name = "Supporting Files";
			sourceTree = "<group>";
		};
/* End PBXGroup section */

/* Begin PBXNativeTarget section */
		9AF436B41B9464CE00E98769 /* NavControllerDemo2 */ = {
			isa = PBXNativeTarget;
			buildConfigurationList = 9AF436D41B9464CE00E98769 /* Build configuration list for PBXNativeTarget "NavControllerDemo2" */;
			buildPhases = (
				9AF436B11B9464CE00E98769 /* Sources */,
				9AF436B21B9464CE00E98769 /* Frameworks */,
				9AF436B31B9464CE00E98769 /* Resources */,
			);
			buildRules = (
			);
			dependencies = (
			);
			name = NavControllerDemo2;
			productName = NavControllerDemo2;
			productReference = 9AF436B51B9464CE00E98769 /* NavControllerDemo2.app */;
			productType = "com.apple.product-type.application";
		};
		9AF436C91B9464CE00E98769 /* NavControllerDemo2Tests */ = {
			isa = PBXNativeTarget;
			buildConfigurationList = 9AF436D71B9464CE00E98769 /* Build configuration list for PBXNativeTarget "NavControllerDemo2Tests" */;
			buildPhases = (
				9AF436C61B9464CE00E98769 /* Sources */,
				9AF436C71B9464CE00E98769 /* Frameworks */,
				9AF436C81B9464CE00E98769 /* Resources */,
			);
			buildRules = (
			);
			dependencies = (
				9AF436CC1B9464CE00E98769 /* PBXTargetDependency */,
			);
			name = NavControllerDemo2Tests;
			productName = NavControllerDemo2Tests;
			productReference = 9AF436CA1B9464CE00E98769 /* NavControllerDemo2Tests.xctest */;
			productType = "com.apple.product-type.bundle.unit-test";
		};
/* End PBXNativeTarget section */

/* Begin PBXProject section */
		9AF436AD1B9464CE00E98769 /* Project object */ = {
			isa = PBXProject;
			attributes = {
				LastSwiftUpdateCheck = 0700;
				LastUpgradeCheck = 0630;
				ORGANIZATIONNAME = yogayu.github.io;
				TargetAttributes = {
					9AF436B41B9464CE00E98769 = {
						CreatedOnToolsVersion = 6.3.1;
						DevelopmentTeam = 86YS7NFAB9;
					};
					9AF436C91B9464CE00E98769 = {
						CreatedOnToolsVersion = 6.3.1;
						TestTargetID = 9AF436B41B9464CE00E98769;
					};
				};
			};
			buildConfigurationList = 9AF436B01B9464CE00E98769 /* Build configuration list for PBXProject "NavControllerDemo2" */;
			compatibilityVersion = "Xcode 3.2";
			developmentRegion = English;
			hasScannedForEncodings = 0;
			knownRegions = (
				en,
				Base,
			);
			mainGroup = 9AF436AC1B9464CE00E98769;
			productRefGroup = 9AF436B61B9464CE00E98769 /* Products */;
			projectDirPath = "";
			projectRoot = "";
			targets = (
				9AF436B41B9464CE00E98769 /* NavControllerDemo2 */,
				9AF436C91B9464CE00E98769 /* NavControllerDemo2Tests */,
			);
		};
/* End PBXProject section */

/* Begin PBXResourcesBuildPhase section */
		9AF436B31B9464CE00E98769 /* Resources */ = {
			isa = PBXResourcesBuildPhase;
			buildActionMask = 2147483647;
			files = (
				9AF436C01B9464CE00E98769 /* Main.storyboard in Resources */,
				9AF436C51B9464CE00E98769 /* LaunchScreen.xib in Resources */,
				9AF436C21B9464CE00E98769 /* Images.xcassets in Resources */,
			);
			runOnlyForDeploymentPostprocessing = 0;
		};
		9AF436C81B9464CE00E98769 /* Resources */ = {
			isa = PBXResourcesBuildPhase;
			buildActionMask = 2147483647;
			files = (
			);
			runOnlyForDeploymentPostprocessing = 0;
		};
/* End PBXResourcesBuildPhase section */

/* Begin PBXSourcesBuildPhase section */
		9AF436B11B9464CE00E98769 /* Sources */ = {
			isa = PBXSourcesBuildPhase;
			buildActionMask = 2147483647;
			files = (
				9AF436BD1B9464CE00E98769 /* ViewController.swift in Sources */,
				9AF436BB1B9464CE00E98769 /* AppDelegate.swift in Sources */,
			);
			runOnlyForDeploymentPostprocessing = 0;
		};
		9AF436C61B9464CE00E98769 /* Sources */ = {
			isa = PBXSourcesBuildPhase;
			buildActionMask = 2147483647;
			files = (
				9AF436D11B9464CE00E98769 /* NavControllerDemo2Tests.swift in Sources */,
			);
			runOnlyForDeploymentPostprocessing = 0;
		};
/* End PBXSourcesBuildPhase section */

/* Begin PBXTargetDependency section */
		9AF436CC1B9464CE00E98769 /* PBXTargetDependency */ = {
			isa = PBXTargetDependency;
			target = 9AF436B41B9464CE00E98769 /* NavControllerDemo2 */;
			targetProxy = 9AF436CB1B9464CE00E98769 /* PBXContainerItemProxy */;
		};
/* End PBXTargetDependency section */

/* Begin PBXVariantGroup section */
		9AF436BE1B9464CE00E98769 /* Main.storyboard */ = {
			isa = PBXVariantGroup;
			children = (
				9AF436BF1B9464CE00E98769 /* Base */,
			);
			name = Main.storyboard;
			sourceTree = "<group>";
		};
		9AF436C31B9464CE00E98769 /* LaunchScreen.xib */ = {
			isa = PBXVariantGroup;
			children = (
				9AF436C41B9464CE00E98769 /* Base */,
			);
			name = LaunchScreen.xib;
			sourceTree = "<group>";
		};
/* End PBXVariantGroup section */

/* Begin XCBuildConfiguration section */
		9AF436D21B9464CE00E98769 /* Debug */ = {
			isa = XCBuildConfiguration;
			buildSettings = {
				ALWAYS_SEARCH_USER_PATHS = NO;
				CLANG_CXX_LANGUAGE_STANDARD = "gnu++0x";
				CLANG_CXX_LIBRARY = "libc++";
				CLANG_ENABLE_MODULES = YES;
				CLANG_ENABLE_OBJC_ARC = YES;
				CLANG_WARN_BOOL_CONVERSION = YES;
				CLANG_WARN_CONSTANT_CONVERSION = YES;
				CLANG_WARN_DIRECT_OBJC_ISA_USAGE = YES_ERROR;
				CLANG_WARN_EMPTY_BODY = YES;
				CLANG_WARN_ENUM_CONVERSION = YES;
				CLANG_WARN_INT_CONVERSION = YES;
				CLANG_WARN_OBJC_ROOT_CLASS = YES_ERROR;
				CLANG_WARN_UNREACHABLE_CODE = YES;
				CLANG_WARN__DUPLICATE_METHOD_MATCH = YES;
				"CODE_SIGN_IDENTITY[sdk=iphoneos*]" = "iPhone Developer";
				COPY_PHASE_STRIP = NO;
				DEBUG_INFORMATION_FORMAT = "dwarf-with-dsym";
				ENABLE_STRICT_OBJC_MSGSEND = YES;
				GCC_C_LANGUAGE_STANDARD = gnu99;
				GCC_DYNAMIC_NO_PIC = NO;
				GCC_NO_COMMON_BLOCKS = YES;
				GCC_OPTIMIZATION_LEVEL = 0;
				GCC_PREPROCESSOR_DEFINITIONS = (
					"DEBUG=1",
					"$(inherited)",
				);
				GCC_SYMBOLS_PRIVATE_EXTERN = NO;
				GCC_WARN_64_TO_32_BIT_CONVERSION = YES;
				GCC_WARN_ABOUT_RETURN_TYPE = YES_ERROR;
				GCC_WARN_UNDECLARED_SELECTOR = YES;
				GCC_WARN_UNINITIALIZED_AUTOS = YES_AGGRESSIVE;
				GCC_WARN_UNUSED_FUNCTION = YES;
				GCC_WARN_UNUSED_VARIABLE = YES;
				IPHONEOS_DEPLOYMENT_TARGET = 8.3;
				MTL_ENABLE_DEBUG_INFO = YES;
				ONLY_ACTIVE_ARCH = YES;
				SDKROOT = iphoneos;
				SWIFT_OPTIMIZATION_LEVEL = "-Onone";
				TARGETED_DEVICE_FAMILY = "1,2";
			};
			name = Debug;
		};
		9AF436D31B9464CE00E98769 /* Release */ = {
			isa = XCBuildConfiguration;
			buildSettings = {
				ALWAYS_SEARCH_USER_PATHS = NO;
				CLANG_CXX_LANGUAGE_STANDARD = "gnu++0x";
				CLANG_CXX_LIBRARY = "libc++";
				CLANG_ENABLE_MODULES = YES;
				CLANG_ENABLE_OBJC_ARC = YES;
				CLANG_WARN_BOOL_CONVERSION = YES;
				CLANG_WARN_CONSTANT_CONVERSION = YES;
				CLANG_WARN_DIRECT_OBJC_ISA_USAGE = YES_ERROR;
				CLANG_WARN_EMPTY_BODY = YES;
				CLANG_WARN_ENUM_CONVERSION = YES;
				CLANG_WARN_INT_CONVERSION = YES;
				CLANG_WARN_OBJC_ROOT_CLASS = YES_ERROR;
				CLANG_WARN_UNREACHABLE_CODE = YES;
				CLANG_WARN__DUPLICATE_METHOD_MATCH = YES;
				"CODE_SIGN_IDENTITY[sdk=iphoneos*]" = "iPhone Developer";
				COPY_PHASE_STRIP = NO;
				DEBUG_INFORMATION_FORMAT = "dwarf-with-dsym";
				ENABLE_NS_ASSERTIONS = NO;
				ENABLE_STRICT_OBJC_MSGSEND = YES;
				GCC_C_LANGUAGE_STANDARD = gnu99;
				GCC_NO_COMMON_BLOCKS = YES;
				GCC_WARN_64_TO_32_BIT_CONVERSION = YES;
				GCC_WARN_ABOUT_RETURN_TYPE = YES_ERROR;
				GCC_WARN_UNDECLARED_SELECTOR = YES;
				GCC_WARN_UNINITIALIZED_AUTOS = YES_AGGRESSIVE;
				GCC_WARN_UNUSED_FUNCTION = YES;
				GCC_WARN_UNUSED_VARIABLE = YES;
				IPHONEOS_DEPLOYMENT_TARGET = 8.3;
				MTL_ENABLE_DEBUG_INFO = NO;
				SDKROOT = iphoneos;
				TARGETED_DEVICE_FAMILY = "1,2";
				VALIDATE_PRODUCT = YES;
			};
			name = Release;
		};
		9AF436D51B9464CE00E98769 /* Debug */ = {
			isa = XCBuildConfiguration;
			buildSettings = {
				ASSETCATALOG_COMPILER_APPICON_NAME = AppIcon;
				CODE_SIGN_IDENTITY = "iPhone Developer";
				INFOPLIST_FILE = NavControllerDemo2/Info.plist;
				IPHONEOS_DEPLOYMENT_TARGET = 8.4;
				LD_RUNPATH_SEARCH_PATHS = "$(inherited) @executable_path/Frameworks";
				PRODUCT_NAME = "$(TARGET_NAME)";
			};
			name = Debug;
		};
		9AF436D61B9464CE00E98769 /* Release */ = {
			isa = XCBuildConfiguration;
			buildSettings = {
				ASSETCATALOG_COMPILER_APPICON_NAME = AppIcon;
				CODE_SIGN_IDENTITY = "iPhone Developer";
				INFOPLIST_FILE = NavControllerDemo2/Info.plist;
				IPHONEOS_DEPLOYMENT_TARGET = 8.4;
				LD_RUNPATH_SEARCH_PATHS = "$(inherited) @executable_path/Frameworks";
				PRODUCT_NAME = "$(TARGET_NAME)";
			};
			name = Release;
		};
		9AF436D81B9464CE00E98769 /* Debug */ = {
			isa = XCBuildConfiguration;
			buildSettings = {
				BUNDLE_LOADER = "$(TEST_HOST)";
				FRAMEWORK_SEARCH_PATHS = (
					"$(SDKROOT)/Developer/Library/Frameworks",
					"$(inherited)",
				);
				GCC_PREPROCESSOR_DEFINITIONS = (
					"DEBUG=1",
					"$(inherited)",
				);
				INFOPLIST_FILE = NavControllerDemo2Tests/Info.plist;
				LD_RUNPATH_SEARCH_PATHS = "$(inherited) @executable_path/Frameworks @loader_path/Frameworks";
				PRODUCT_NAME = "$(TARGET_NAME)";
				TEST_HOST = "$(BUILT_PRODUCTS_DIR)/NavControllerDemo2.app/NavControllerDemo2";
			};
			name = Debug;
		};
		9AF436D91B9464CE00E98769 /* Release */ = {
			isa = XCBuildConfiguration;
			buildSettings = {
				BUNDLE_LOADER = "$(TEST_HOST)";
				FRAMEWORK_SEARCH_PATHS = (
					"$(SDKROOT)/Developer/Library/Frameworks",
					"$(inherited)",
				);
				INFOPLIST_FILE = NavControllerDemo2Tests/Info.plist;
				LD_RUNPATH_SEARCH_PATHS = "$(inherited) @executable_path/Frameworks @loader_path/Frameworks";
				PRODUCT_NAME = "$(TARGET_NAME)";
				TEST_HOST = "$(BUILT_PRODUCTS_DIR)/NavControllerDemo2.app/NavControllerDemo2";
			};
			name = Release;
		};
/* End XCBuildConfiguration section */

/* Begin XCConfigurationList section */
		9AF436B01B9464CE00E98769 /* Build configuration list for PBXProject "NavControllerDemo2" */ = {
			isa = XCConfigurationList;
			buildConfigurations = (
				9AF436D21B9464CE00E98769 /* Debug */,
				9AF436D31B9464CE00E98769 /* Release */,
			);
			defaultConfigurationIsVisible = 0;
			defaultConfigurationName = Release;
		};
		9AF436D41B9464CE00E98769 /* Build configuration list for PBXNativeTarget "NavControllerDemo2" */ = {
			isa = XCConfigurationList;
			buildConfigurations = (
				9AF436D51B9464CE00E98769 /* Debug */,
				9AF436D61B9464CE00E98769 /* Release */,
			);
			defaultConfigurationIsVisible = 0;
			defaultConfigurationName = Release;
		};
		9AF436D71B9464CE00E98769 /* Build configuration list for PBXNativeTarget "NavControllerDemo2Tests" */ = {
			isa = XCConfigurationList;
			buildConfigurations = (
				9AF436D81B9464CE00E98769 /* Debug */,
				9AF436D91B9464CE00E98769 /* Release */,
			);
			defaultConfigurationIsVisible = 0;
			defaultConfigurationName = Release;
		};
/* End XCConfigurationList section */
	};
	rootObject = 9AF436AD1B9464CE00E98769 /* Project object */;
}
