// !$*UTF8*$!
{
	archiveVersion = 1;
	classes = {
	};
	objectVersion = 46;
	objects = {

/* Begin PBXBuildFile section */
		84B2FB901A6639B800020223 /* AppDelegate.swift in Sources */ = {isa = PBXBuildFile; fileRef = 84B2FB8F1A6639B800020223 /* AppDelegate.swift */; };
		84B2FB921A6639B800020223 /* ViewController.swift in Sources */ = {isa = PBXBuildFile; fileRef = 84B2FB911A6639B800020223 /* ViewController.swift */; };
		84B2FB951A6639B800020223 /* Main.storyboard in Resources */ = {isa = PBXBuildFile; fileRef = 84B2FB931A6639B800020223 /* Main.storyboard */; };
		84B2FB971A6639B800020223 /* Images.xcassets in Resources */ = {isa = PBXBuildFile; fileRef = 84B2FB961A6639B800020223 /* Images.xcassets */; };
		84B2FB9A1A6639B800020223 /* LaunchScreen.xib in Resources */ = {isa = PBXBuildFile; fileRef = 84B2FB981A6639B800020223 /* LaunchScreen.xib */; };
		84B2FBA61A6639B900020223 /* UITableViewDemo6Tests.swift in Sources */ = {isa = PBXBuildFile; fileRef = 84B2FBA51A6639B900020223 /* UITableViewDemo6Tests.swift */; };
/* End PBXBuildFile section */

/* Begin PBXContainerItemProxy section */
		84B2FBA01A6639B900020223 /* PBXContainerItemProxy */ = {
			isa = PBXContainerItemProxy;
			containerPortal = 84B2FB821A6639B800020223 /* Project object */;
			proxyType = 1;
			remoteGlobalIDString = 84B2FB891A6639B800020223;
			remoteInfo = UITableViewDemo6;
		};
/* End PBXContainerItemProxy section */

/* Begin PBXFileReference section */
		84B2FB8A1A6639B800020223 /* UITableViewDemo6.app */ = {isa = PBXFileReference; explicitFileType = wrapper.application; includeInIndex = 0; path = UITableViewDemo6.app; sourceTree = BUILT_PRODUCTS_DIR; };
		84B2FB8E1A6639B800020223 /* Info.plist */ = {isa = PBXFileReference; lastKnownFileType = text.plist.xml; path = Info.plist; sourceTree = "<group>"; };
		84B2FB8F1A6639B800020223 /* AppDelegate.swift */ = {isa = PBXFileReference; lastKnownFileType = sourcecode.swift; path = AppDelegate.swift; sourceTree = "<group>"; };
		84B2FB911A6639B800020223 /* ViewController.swift */ = {isa = PBXFileReference; lastKnownFileType = sourcecode.swift; path = ViewController.swift; sourceTree = "<group>"; };
		84B2FB941A6639B800020223 /* Base */ = {isa = PBXFileReference; lastKnownFileType = file.storyboard; name = Base; path = Base.lproj/Main.storyboard; sourceTree = "<group>"; };
		84B2FB961A6639B800020223 /* Images.xcassets */ = {isa = PBXFileReference; lastKnownFileType = folder.assetcatalog; path = Images.xcassets; sourceTree = "<group>"; };
		84B2FB991A6639B800020223 /* Base */ = {isa = PBXFileReference; lastKnownFileType = file.xib; name = Base; path = Base.lproj/LaunchScreen.xib; sourceTree = "<group>"; };
		84B2FB9F1A6639B900020223 /* UITableViewDemo6Tests.xctest */ = {isa = PBXFileReference; explicitFileType = wrapper.cfbundle; includeInIndex = 0; path = UITableViewDemo6Tests.xctest; sourceTree = BUILT_PRODUCTS_DIR; };
		84B2FBA41A6639B900020223 /* Info.plist */ = {isa = PBXFileReference; lastKnownFileType = text.plist.xml; path = Info.plist; sourceTree = "<group>"; };
		84B2FBA51A6639B900020223 /* UITableViewDemo6Tests.swift */ = {isa = PBXFileReference; lastKnownFileType = sourcecode.swift; path = UITableViewDemo6Tests.swift; sourceTree = "<group>"; };
/* End PBXFileReference section */

/* Begin PBXFrameworksBuildPhase section */
		84B2FB871A6639B800020223 /* Frameworks */ = {
			isa = PBXFrameworksBuildPhase;
			buildActionMask = 2147483647;
			files = (
			);
			runOnlyForDeploymentPostprocessing = 0;
		};
		84B2FB9C1A6639B900020223 /* Frameworks */ = {
			isa = PBXFrameworksBuildPhase;
			buildActionMask = 2147483647;
			files = (
			);
			runOnlyForDeploymentPostprocessing = 0;
		};
/* End PBXFrameworksBuildPhase section */

/* Begin PBXGroup section */
		84B2FB811A6639B800020223 = {
			isa = PBXGroup;
			children = (
				84B2FB8C1A6639B800020223 /* UITableViewDemo6 */,
				84B2FBA21A6639B900020223 /* UITableViewDemo6Tests */,
				84B2FB8B1A6639B800020223 /* Products */,
			);
			sourceTree = "<group>";
		};
		84B2FB8B1A6639B800020223 /* Products */ = {
			isa = PBXGroup;
			children = (
				84B2FB8A1A6639B800020223 /* UITableViewDemo6.app */,
				84B2FB9F1A6639B900020223 /* UITableViewDemo6Tests.xctest */,
			);
			name = Products;
			sourceTree = "<group>";
		};
		84B2FB8C1A6639B800020223 /* UITableViewDemo6 */ = {
			isa = PBXGroup;
			children = (
				84B2FB8F1A6639B800020223 /* AppDelegate.swift */,
				84B2FB911A6639B800020223 /* ViewController.swift */,
				84B2FB931A6639B800020223 /* Main.storyboard */,
				84B2FB961A6639B800020223 /* Images.xcassets */,
				84B2FB981A6639B800020223 /* LaunchScreen.xib */,
				84B2FB8D1A6639B800020223 /* Supporting Files */,
			);
			path = UITableViewDemo6;
			sourceTree = "<group>";
		};
		84B2FB8D1A6639B800020223 /* Supporting Files */ = {
			isa = PBXGroup;
			children = (
				84B2FB8E1A6639B800020223 /* Info.plist */,
			);
			name = "Supporting Files";
			sourceTree = "<group>";
		};
		84B2FBA21A6639B900020223 /* UITableViewDemo6Tests */ = {
			isa = PBXGroup;
			children = (
				84B2FBA51A6639B900020223 /* UITableViewDemo6Tests.swift */,
				84B2FBA31A6639B900020223 /* Supporting Files */,
			);
			path = UITableViewDemo6Tests;
			sourceTree = "<group>";
		};
		84B2FBA31A6639B900020223 /* Supporting Files */ = {
			isa = PBXGroup;
			children = (
				84B2FBA41A6639B900020223 /* Info.plist */,
			);
			name = "Supporting Files";
			sourceTree = "<group>";
		};
/* End PBXGroup section */

/* Begin PBXNativeTarget section */
		84B2FB891A6639B800020223 /* UITableViewDemo6 */ = {
			isa = PBXNativeTarget;
			buildConfigurationList = 84B2FBA91A6639B900020223 /* Build configuration list for PBXNativeTarget "UITableViewDemo6" */;
			buildPhases = (
				84B2FB861A6639B800020223 /* Sources */,
				84B2FB871A6639B800020223 /* Frameworks */,
				84B2FB881A6639B800020223 /* Resources */,
			);
			buildRules = (
			);
			dependencies = (
			);
			name = UITableViewDemo6;
			productName = UITableViewDemo6;
			productReference = 84B2FB8A1A6639B800020223 /* UITableViewDemo6.app */;
			productType = "com.apple.product-type.application";
		};
		84B2FB9E1A6639B900020223 /* UITableViewDemo6Tests */ = {
			isa = PBXNativeTarget;
			buildConfigurationList = 84B2FBAC1A6639B900020223 /* Build configuration list for PBXNativeTarget "UITableViewDemo6Tests" */;
			buildPhases = (
				84B2FB9B1A6639B900020223 /* Sources */,
				84B2FB9C1A6639B900020223 /* Frameworks */,
				84B2FB9D1A6639B900020223 /* Resources */,
			);
			buildRules = (
			);
			dependencies = (
				84B2FBA11A6639B900020223 /* PBXTargetDependency */,
			);
			name = UITableViewDemo6Tests;
			productName = UITableViewDemo6Tests;
			productReference = 84B2FB9F1A6639B900020223 /* UITableViewDemo6Tests.xctest */;
			productType = "com.apple.product-type.bundle.unit-test";
		};
/* End PBXNativeTarget section */

/* Begin PBXProject section */
		84B2FB821A6639B800020223 /* Project object */ = {
			isa = PBXProject;
			attributes = {
				LastUpgradeCheck = 0610;
				ORGANIZATIONNAME = maiziedu;
				TargetAttributes = {
					84B2FB891A6639B800020223 = {
						CreatedOnToolsVersion = 6.1.1;
					};
					84B2FB9E1A6639B900020223 = {
						CreatedOnToolsVersion = 6.1.1;
						TestTargetID = 84B2FB891A6639B800020223;
					};
				};
			};
			buildConfigurationList = 84B2FB851A6639B800020223 /* Build configuration list for PBXProject "UITableViewDemo6" */;
			compatibilityVersion = "Xcode 3.2";
			developmentRegion = English;
			hasScannedForEncodings = 0;
			knownRegions = (
				en,
				Base,
			);
			mainGroup = 84B2FB811A6639B800020223;
			productRefGroup = 84B2FB8B1A6639B800020223 /* Products */;
			projectDirPath = "";
			projectRoot = "";
			targets = (
				84B2FB891A6639B800020223 /* UITableViewDemo6 */,
				84B2FB9E1A6639B900020223 /* UITableViewDemo6Tests */,
			);
		};
/* End PBXProject section */

/* Begin PBXResourcesBuildPhase section */
		84B2FB881A6639B800020223 /* Resources */ = {
			isa = PBXResourcesBuildPhase;
			buildActionMask = 2147483647;
			files = (
				84B2FB951A6639B800020223 /* Main.storyboard in Resources */,
				84B2FB9A1A6639B800020223 /* LaunchScreen.xib in Resources */,
				84B2FB971A6639B800020223 /* Images.xcassets in Resources */,
			);
			runOnlyForDeploymentPostprocessing = 0;
		};
		84B2FB9D1A6639B900020223 /* Resources */ = {
			isa = PBXResourcesBuildPhase;
			buildActionMask = 2147483647;
			files = (
			);
			runOnlyForDeploymentPostprocessing = 0;
		};
/* End PBXResourcesBuildPhase section */

/* Begin PBXSourcesBuildPhase section */
		84B2FB861A6639B800020223 /* Sources */ = {
			isa = PBXSourcesBuildPhase;
			buildActionMask = 2147483647;
			files = (
				84B2FB921A6639B800020223 /* ViewController.swift in Sources */,
				84B2FB901A6639B800020223 /* AppDelegate.swift in Sources */,
			);
			runOnlyForDeploymentPostprocessing = 0;
		};
		84B2FB9B1A6639B900020223 /* Sources */ = {
			isa = PBXSourcesBuildPhase;
			buildActionMask = 2147483647;
			files = (
				84B2FBA61A6639B900020223 /* UITableViewDemo6Tests.swift in Sources */,
			);
			runOnlyForDeploymentPostprocessing = 0;
		};
/* End PBXSourcesBuildPhase section */

/* Begin PBXTargetDependency section */
		84B2FBA11A6639B900020223 /* PBXTargetDependency */ = {
			isa = PBXTargetDependency;
			target = 84B2FB891A6639B800020223 /* UITableViewDemo6 */;
			targetProxy = 84B2FBA01A6639B900020223 /* PBXContainerItemProxy */;
		};
/* End PBXTargetDependency section */

/* Begin PBXVariantGroup section */
		84B2FB931A6639B800020223 /* Main.storyboard */ = {
			isa = PBXVariantGroup;
			children = (
				84B2FB941A6639B800020223 /* Base */,
			);
			name = Main.storyboard;
			sourceTree = "<group>";
		};
		84B2FB981A6639B800020223 /* LaunchScreen.xib */ = {
			isa = PBXVariantGroup;
			children = (
				84B2FB991A6639B800020223 /* Base */,
			);
			name = LaunchScreen.xib;
			sourceTree = "<group>";
		};
/* End PBXVariantGroup section */

/* Begin XCBuildConfiguration section */
		84B2FBA71A6639B900020223 /* Debug */ = {
			isa = XCBuildConfiguration;
			buildSettings = {
				ALWAYS_SEARCH_USER_PATHS = NO;
				CLANG_CXX_LANGUAGE_STANDARD = "gnu++0x";
				CLANG_CXX_LIBRARY = "libc++";
				CLANG_ENABLE_MODULES = YES;
				CLANG_ENABLE_OBJC_ARC = YES;
				CLANG_WARN_BOOL_CONVERSION = YES;
				CLANG_WARN_CONSTANT_CONVERSION = YES;
				CLANG_WARN_DIRECT_OBJC_ISA_USAGE = YES_ERROR;
				CLANG_WARN_EMPTY_BODY = YES;
				CLANG_WARN_ENUM_CONVERSION = YES;
				CLANG_WARN_INT_CONVERSION = YES;
				CLANG_WARN_OBJC_ROOT_CLASS = YES_ERROR;
				CLANG_WARN_UNREACHABLE_CODE = YES;
				CLANG_WARN__DUPLICATE_METHOD_MATCH = YES;
				"CODE_SIGN_IDENTITY[sdk=iphoneos*]" = "iPhone Developer";
				COPY_PHASE_STRIP = NO;
				ENABLE_STRICT_OBJC_MSGSEND = YES;
				GCC_C_LANGUAGE_STANDARD = gnu99;
				GCC_DYNAMIC_NO_PIC = NO;
				GCC_OPTIMIZATION_LEVEL = 0;
				GCC_PREPROCESSOR_DEFINITIONS = (
					"DEBUG=1",
					"$(inherited)",
				);
				GCC_SYMBOLS_PRIVATE_EXTERN = NO;
				GCC_WARN_64_TO_32_BIT_CONVERSION = YES;
				GCC_WARN_ABOUT_RETURN_TYPE = YES_ERROR;
				GCC_WARN_UNDECLARED_SELECTOR = YES;
				GCC_WARN_UNINITIALIZED_AUTOS = YES_AGGRESSIVE;
				GCC_WARN_UNUSED_FUNCTION = YES;
				GCC_WARN_UNUSED_VARIABLE = YES;
				IPHONEOS_DEPLOYMENT_TARGET = 8.1;
				MTL_ENABLE_DEBUG_INFO = YES;
				ONLY_ACTIVE_ARCH = YES;
				SDKROOT = iphoneos;
				SWIFT_OPTIMIZATION_LEVEL = "-Onone";
			};
			name = Debug;
		};
		84B2FBA81A6639B900020223 /* Release */ = {
			isa = XCBuildConfiguration;
			buildSettings = {
				ALWAYS_SEARCH_USER_PATHS = NO;
				CLANG_CXX_LANGUAGE_STANDARD = "gnu++0x";
				CLANG_CXX_LIBRARY = "libc++";
				CLANG_ENABLE_MODULES = YES;
				CLANG_ENABLE_OBJC_ARC = YES;
				CLANG_WARN_BOOL_CONVERSION = YES;
				CLANG_WARN_CONSTANT_CONVERSION = YES;
				CLANG_WARN_DIRECT_OBJC_ISA_USAGE = YES_ERROR;
				CLANG_WARN_EMPTY_BODY = YES;
				CLANG_WARN_ENUM_CONVERSION = YES;
				CLANG_WARN_INT_CONVERSION = YES;
				CLANG_WARN_OBJC_ROOT_CLASS = YES_ERROR;
				CLANG_WARN_UNREACHABLE_CODE = YES;
				CLANG_WARN__DUPLICATE_METHOD_MATCH = YES;
				"CODE_SIGN_IDENTITY[sdk=iphoneos*]" = "iPhone Developer";
				COPY_PHASE_STRIP = YES;
				ENABLE_NS_ASSERTIONS = NO;
				ENABLE_STRICT_OBJC_MSGSEND = YES;
				GCC_C_LANGUAGE_STANDARD = gnu99;
				GCC_WARN_64_TO_32_BIT_CONVERSION = YES;
				GCC_WARN_ABOUT_RETURN_TYPE = YES_ERROR;
				GCC_WARN_UNDECLARED_SELECTOR = YES;
				GCC_WARN_UNINITIALIZED_AUTOS = YES_AGGRESSIVE;
				GCC_WARN_UNUSED_FUNCTION = YES;
				GCC_WARN_UNUSED_VARIABLE = YES;
				IPHONEOS_DEPLOYMENT_TARGET = 8.1;
				MTL_ENABLE_DEBUG_INFO = NO;
				SDKROOT = iphoneos;
				VALIDATE_PRODUCT = YES;
			};
			name = Release;
		};
		84B2FBAA1A6639B900020223 /* Debug */ = {
			isa = XCBuildConfiguration;
			buildSettings = {
				ASSETCATALOG_COMPILER_APPICON_NAME = AppIcon;
				INFOPLIST_FILE = UITableViewDemo6/Info.plist;
				LD_RUNPATH_SEARCH_PATHS = "$(inherited) @executable_path/Frameworks";
				PRODUCT_NAME = "$(TARGET_NAME)";
			};
			name = Debug;
		};
		84B2FBAB1A6639B900020223 /* Release */ = {
			isa = XCBuildConfiguration;
			buildSettings = {
				ASSETCATALOG_COMPILER_APPICON_NAME = AppIcon;
				INFOPLIST_FILE = UITableViewDemo6/Info.plist;
				LD_RUNPATH_SEARCH_PATHS = "$(inherited) @executable_path/Frameworks";
				PRODUCT_NAME = "$(TARGET_NAME)";
			};
			name = Release;
		};
		84B2FBAD1A6639B900020223 /* Debug */ = {
			isa = XCBuildConfiguration;
			buildSettings = {
				BUNDLE_LOADER = "$(TEST_HOST)";
				FRAMEWORK_SEARCH_PATHS = (
					"$(SDKROOT)/Developer/Library/Frameworks",
					"$(inherited)",
				);
				GCC_PREPROCESSOR_DEFINITIONS = (
					"DEBUG=1",
					"$(inherited)",
				);
				INFOPLIST_FILE = UITableViewDemo6Tests/Info.plist;
				LD_RUNPATH_SEARCH_PATHS = "$(inherited) @executable_path/Frameworks @loader_path/Frameworks";
				PRODUCT_NAME = "$(TARGET_NAME)";
				TEST_HOST = "$(BUILT_PRODUCTS_DIR)/UITableViewDemo6.app/UITableViewDemo6";
			};
			name = Debug;
		};
		84B2FBAE1A6639B900020223 /* Release */ = {
			isa = XCBuildConfiguration;
			buildSettings = {
				BUNDLE_LOADER = "$(TEST_HOST)";
				FRAMEWORK_SEARCH_PATHS = (
					"$(SDKROOT)/Developer/Library/Frameworks",
					"$(inherited)",
				);
				INFOPLIST_FILE = UITableViewDemo6Tests/Info.plist;
				LD_RUNPATH_SEARCH_PATHS = "$(inherited) @executable_path/Frameworks @loader_path/Frameworks";
				PRODUCT_NAME = "$(TARGET_NAME)";
				TEST_HOST = "$(BUILT_PRODUCTS_DIR)/UITableViewDemo6.app/UITableViewDemo6";
			};
			name = Release;
		};
/* End XCBuildConfiguration section */

/* Begin XCConfigurationList section */
		84B2FB851A6639B800020223 /* Build configuration list for PBXProject "UITableViewDemo6" */ = {
			isa = XCConfigurationList;
			buildConfigurations = (
				84B2FBA71A6639B900020223 /* Debug */,
				84B2FBA81A6639B900020223 /* Release */,
			);
			defaultConfigurationIsVisible = 0;
			defaultConfigurationName = Release;
		};
		84B2FBA91A6639B900020223 /* Build configuration list for PBXNativeTarget "UITableViewDemo6" */ = {
			isa = XCConfigurationList;
			buildConfigurations = (
				84B2FBAA1A6639B900020223 /* Debug */,
				84B2FBAB1A6639B900020223 /* Release */,
			);
			defaultConfigurationIsVisible = 0;
		};
		84B2FBAC1A6639B900020223 /* Build configuration list for PBXNativeTarget "UITableViewDemo6Tests" */ = {
			isa = XCConfigurationList;
			buildConfigurations = (
				84B2FBAD1A6639B900020223 /* Debug */,
				84B2FBAE1A6639B900020223 /* Release */,
			);
			defaultConfigurationIsVisible = 0;
		};
/* End XCConfigurationList section */
	};
	rootObject = 84B2FB821A6639B800020223 /* Project object */;
}
